// !$*UTF8*$!
{
	archiveVersion = 1;
	classes = {
	};
	objectVersion = 51;
	objects = {

/* Begin PBXBuildFile section */
		6AA769E526636AE700B7E1F5 /* AppDelegate.swift in Sources */ = {isa = PBXBuildFile; fileRef = 6AA769E426636AE700B7E1F5 /* AppDelegate.swift */; };
		6AA769E726636AE700B7E1F5 /* SceneDelegate.swift in Sources */ = {isa = PBXBuildFile; fileRef = 6AA769E626636AE700B7E1F5 /* SceneDelegate.swift */; };
		6AA769EF26636AE700B7E1F5 /* EZY.xcdatamodeld in Sources */ = {isa = PBXBuildFile; fileRef = 6AA769ED26636AE700B7E1F5 /* EZY.xcdatamodeld */; };
		6AA769F126636AE800B7E1F5 /* Assets.xcassets in Resources */ = {isa = PBXBuildFile; fileRef = 6AA769F026636AE800B7E1F5 /* Assets.xcassets */; };
		6AA769F426636AE800B7E1F5 /* LaunchScreen.storyboard in Resources */ = {isa = PBXBuildFile; fileRef = 6AA769F226636AE800B7E1F5 /* LaunchScreen.storyboard */; };
		6AA76A0226636D2800B7E1F5 /* LoginViewController.swift in Sources */ = {isa = PBXBuildFile; fileRef = 6AA76A0126636D2800B7E1F5 /* LoginViewController.swift */; };
		E5052C73E73080AD40F6F655 /* Pods_EZY.framework in Frameworks */ = {isa = PBXBuildFile; fileRef = A75C11C1873FE4E191601230 /* Pods_EZY.framework */; };
		EE0734F626B17EAC00EA2117 /* inputContainerErrandTextView.swift in Sources */ = {isa = PBXBuildFile; fileRef = EE0734F526B17EAC00EA2117 /* inputContainerErrandTextView.swift */; };
		EE245740269FDA6100E2EE9D /* WhatAboutPeopleLikeThisCell.swift in Sources */ = {isa = PBXBuildFile; fileRef = EE24573F269FDA6100E2EE9D /* WhatAboutPeopleLikeThisCell.swift */; };
		EE36219E267E18080099AF3A /* MoreCalendarModalsViewController.swift in Sources */ = {isa = PBXBuildFile; fileRef = EE36219D267E18080099AF3A /* MoreCalendarModalsViewController.swift */; };
		EE3779092679FAC100334D4A /* Model.swift in Sources */ = {isa = PBXBuildFile; fileRef = EE3779082679FAC100334D4A /* Model.swift */; };
		EE3B142626B48DF600B7184D /* CustomData.swift in Sources */ = {isa = PBXBuildFile; fileRef = EE3B142526B48DF600B7184D /* CustomData.swift */; };
		EE47140F26BEF0B000BC495F /* GroupSearchTextfield.swift in Sources */ = {isa = PBXBuildFile; fileRef = EE47140E26BEF0B000BC495F /* GroupSearchTextfield.swift */; };
		EE47143626BFC33600BC495F /* SearchTableView.swift in Sources */ = {isa = PBXBuildFile; fileRef = EE47143526BFC33600BC495F /* SearchTableView.swift */; };
		EE47143826BFE7DB00BC495F /* SearchTableCell.swift in Sources */ = {isa = PBXBuildFile; fileRef = EE47143726BFE7DB00BC495F /* SearchTableCell.swift */; };
		EE766B8926B317CC0030ADDA /* SendUser.swift in Sources */ = {isa = PBXBuildFile; fileRef = EE766B8826B317CC0030ADDA /* SendUser.swift */; };
		EE782853268150A900AECC65 /* AddOurToDoViewController.swift in Sources */ = {isa = PBXBuildFile; fileRef = EE782852268150A900AECC65 /* AddOurToDoViewController.swift */; };
		EE7828552681859200AECC65 /* AddErrandViewController.swift in Sources */ = {isa = PBXBuildFile; fileRef = EE7828542681859200AECC65 /* AddErrandViewController.swift */; };
		EE896CC3269BEA450099E8CB /* WhoShouldIAskCell.swift in Sources */ = {isa = PBXBuildFile; fileRef = EE896CC2269BEA450099E8CB /* WhoShouldIAskCell.swift */; };
		EE896CC5269C35640099E8CB /* AddScheduleModalBtn .swift in Sources */ = {isa = PBXBuildFile; fileRef = EE896CC4269C35640099E8CB /* AddScheduleModalBtn .swift */; };
		EE93B4D72687639F0055D7A6 /* OneAlertButton.swift in Sources */ = {isa = PBXBuildFile; fileRef = EE93B4D62687639F0055D7A6 /* OneAlertButton.swift */; };
		EE9C91B126AEE84300115DD2 /* MoreAlarmModelViewController.swift in Sources */ = {isa = PBXBuildFile; fileRef = EE9C91B026AEE84300115DD2 /* MoreAlarmModelViewController.swift */; };
		EEA457F42682FFA100C08D17 /* AlertButton.swift in Sources */ = {isa = PBXBuildFile; fileRef = EEA457F32682FFA100C08D17 /* AlertButton.swift */; };
		EED007D526674AC2009A5A87 /* Utilities.swift in Sources */ = {isa = PBXBuildFile; fileRef = EED007D426674AC2009A5A87 /* Utilities.swift */; };
		EED20D63266C0F90000E0856 /* AdditionalButton.swift in Sources */ = {isa = PBXBuildFile; fileRef = EED20D62266C0F90000E0856 /* AdditionalButton.swift */; };
		EEDE967926B882B0000AEE4D /* AlarmDatePickerView.swift in Sources */ = {isa = PBXBuildFile; fileRef = EEDE967826B882B0000AEE4D /* AlarmDatePickerView.swift */; };
		EEE1E95326A9F38A0082B696 /* AlarmSettingCell.swift in Sources */ = {isa = PBXBuildFile; fileRef = EEE1E95226A9F38A0082B696 /* AlarmSettingCell.swift */; };
		EEEDB2BF2664B44200E5C53A /* AddMyToDoViewController.swift in Sources */ = {isa = PBXBuildFile; fileRef = EEEDB2BE2664B44200E5C53A /* AddMyToDoViewController.swift */; };
		EEEDB2C22664D30D00E5C53A /* extensions.swift in Sources */ = {isa = PBXBuildFile; fileRef = EEEDB2C12664D30D00E5C53A /* extensions.swift */; };
		EEF7DF34266F83AA00832E95 /* MorePeopleToDo.swift in Sources */ = {isa = PBXBuildFile; fileRef = EEF7DF33266F83AA00832E95 /* MorePeopleToDo.swift */; };
		EEFAD2AB26B031720011A246 /* TagCell.swift in Sources */ = {isa = PBXBuildFile; fileRef = EEFAD2AA26B031720011A246 /* TagCell.swift */; };
		EEFAD2AD26B0838F0011A246 /* ErrandDetailsViewController.swift in Sources */ = {isa = PBXBuildFile; fileRef = EEFAD2AC26B0838F0011A246 /* ErrandDetailsViewController.swift */; };
		EEFC3F9F26971BA000CEB09F /* SearchViewModel.swift in Sources */ = {isa = PBXBuildFile; fileRef = EEFC3F9E26971BA000CEB09F /* SearchViewModel.swift */; };
/* End PBXBuildFile section */

/* Begin PBXFileReference section */
		14AF3F335899880714FDA1B3 /* Pods-EZY.release.xcconfig */ = {isa = PBXFileReference; includeInIndex = 1; lastKnownFileType = text.xcconfig; name = "Pods-EZY.release.xcconfig"; path = "Target Support Files/Pods-EZY/Pods-EZY.release.xcconfig"; sourceTree = "<group>"; };
		6AA769E126636AE700B7E1F5 /* EZY.app */ = {isa = PBXFileReference; explicitFileType = wrapper.application; includeInIndex = 0; path = EZY.app; sourceTree = BUILT_PRODUCTS_DIR; };
		6AA769E426636AE700B7E1F5 /* AppDelegate.swift */ = {isa = PBXFileReference; lastKnownFileType = sourcecode.swift; path = AppDelegate.swift; sourceTree = "<group>"; };
		6AA769E626636AE700B7E1F5 /* SceneDelegate.swift */ = {isa = PBXFileReference; lastKnownFileType = sourcecode.swift; path = SceneDelegate.swift; sourceTree = "<group>"; };
		6AA769EE26636AE700B7E1F5 /* EZY.xcdatamodel */ = {isa = PBXFileReference; lastKnownFileType = wrapper.xcdatamodel; path = EZY.xcdatamodel; sourceTree = "<group>"; };
		6AA769F026636AE800B7E1F5 /* Assets.xcassets */ = {isa = PBXFileReference; lastKnownFileType = folder.assetcatalog; path = Assets.xcassets; sourceTree = "<group>"; };
		6AA769F326636AE800B7E1F5 /* Base */ = {isa = PBXFileReference; lastKnownFileType = file.storyboard; name = Base; path = Base.lproj/LaunchScreen.storyboard; sourceTree = "<group>"; };
		6AA76A0126636D2800B7E1F5 /* LoginViewController.swift */ = {isa = PBXFileReference; lastKnownFileType = sourcecode.swift; path = LoginViewController.swift; sourceTree = "<group>"; };
		8B5046DC93C289B5AC6C406E /* Pods-EZY.debug.xcconfig */ = {isa = PBXFileReference; includeInIndex = 1; lastKnownFileType = text.xcconfig; name = "Pods-EZY.debug.xcconfig"; path = "Target Support Files/Pods-EZY/Pods-EZY.debug.xcconfig"; sourceTree = "<group>"; };
		A75C11C1873FE4E191601230 /* Pods_EZY.framework */ = {isa = PBXFileReference; explicitFileType = wrapper.framework; includeInIndex = 0; path = Pods_EZY.framework; sourceTree = BUILT_PRODUCTS_DIR; };
		EE0734F526B17EAC00EA2117 /* inputContainerErrandTextView.swift */ = {isa = PBXFileReference; lastKnownFileType = sourcecode.swift; path = inputContainerErrandTextView.swift; sourceTree = "<group>"; };
		EE24573F269FDA6100E2EE9D /* WhatAboutPeopleLikeThisCell.swift */ = {isa = PBXFileReference; lastKnownFileType = sourcecode.swift; path = WhatAboutPeopleLikeThisCell.swift; sourceTree = "<group>"; };
		EE36219D267E18080099AF3A /* MoreCalendarModalsViewController.swift */ = {isa = PBXFileReference; lastKnownFileType = sourcecode.swift; path = MoreCalendarModalsViewController.swift; sourceTree = "<group>"; };
		EE3779082679FAC100334D4A /* Model.swift */ = {isa = PBXFileReference; lastKnownFileType = sourcecode.swift; path = Model.swift; sourceTree = "<group>"; };
		EE3B142526B48DF600B7184D /* CustomData.swift */ = {isa = PBXFileReference; lastKnownFileType = sourcecode.swift; path = CustomData.swift; sourceTree = "<group>"; };
		EE47140E26BEF0B000BC495F /* GroupSearchTextfield.swift */ = {isa = PBXFileReference; lastKnownFileType = sourcecode.swift; path = GroupSearchTextfield.swift; sourceTree = "<group>"; };
		EE47143526BFC33600BC495F /* SearchTableView.swift */ = {isa = PBXFileReference; lastKnownFileType = sourcecode.swift; path = SearchTableView.swift; sourceTree = "<group>"; };
		EE47143726BFE7DB00BC495F /* SearchTableCell.swift */ = {isa = PBXFileReference; lastKnownFileType = sourcecode.swift; path = SearchTableCell.swift; sourceTree = "<group>"; };
		EE766B8826B317CC0030ADDA /* SendUser.swift */ = {isa = PBXFileReference; lastKnownFileType = sourcecode.swift; path = SendUser.swift; sourceTree = "<group>"; };
		EE782852268150A900AECC65 /* AddOurToDoViewController.swift */ = {isa = PBXFileReference; lastKnownFileType = sourcecode.swift; path = AddOurToDoViewController.swift; sourceTree = "<group>"; };
		EE7828542681859200AECC65 /* AddErrandViewController.swift */ = {isa = PBXFileReference; lastKnownFileType = sourcecode.swift; path = AddErrandViewController.swift; sourceTree = "<group>"; };
		EE896CC2269BEA450099E8CB /* WhoShouldIAskCell.swift */ = {isa = PBXFileReference; lastKnownFileType = sourcecode.swift; path = WhoShouldIAskCell.swift; sourceTree = "<group>"; };
		EE896CC4269C35640099E8CB /* AddScheduleModalBtn .swift */ = {isa = PBXFileReference; lastKnownFileType = sourcecode.swift; path = "AddScheduleModalBtn .swift"; sourceTree = "<group>"; };
		EE93B4D62687639F0055D7A6 /* OneAlertButton.swift */ = {isa = PBXFileReference; lastKnownFileType = sourcecode.swift; path = OneAlertButton.swift; sourceTree = "<group>"; };
		EE9C91B026AEE84300115DD2 /* MoreAlarmModelViewController.swift */ = {isa = PBXFileReference; lastKnownFileType = sourcecode.swift; path = MoreAlarmModelViewController.swift; sourceTree = "<group>"; };
		EEA457F32682FFA100C08D17 /* AlertButton.swift */ = {isa = PBXFileReference; lastKnownFileType = sourcecode.swift; path = AlertButton.swift; sourceTree = "<group>"; };
		EEB26ABE26ADAD7E00A32C76 /* Info.plist */ = {isa = PBXFileReference; fileEncoding = 4; lastKnownFileType = text.plist.xml; path = Info.plist; sourceTree = "<group>"; };
		EED007D426674AC2009A5A87 /* Utilities.swift */ = {isa = PBXFileReference; lastKnownFileType = sourcecode.swift; path = Utilities.swift; sourceTree = "<group>"; };
		EED20D62266C0F90000E0856 /* AdditionalButton.swift */ = {isa = PBXFileReference; lastKnownFileType = sourcecode.swift; path = AdditionalButton.swift; sourceTree = "<group>"; };
		EEDE967826B882B0000AEE4D /* AlarmDatePickerView.swift */ = {isa = PBXFileReference; lastKnownFileType = sourcecode.swift; path = AlarmDatePickerView.swift; sourceTree = "<group>"; };
		EEE1E95226A9F38A0082B696 /* AlarmSettingCell.swift */ = {isa = PBXFileReference; lastKnownFileType = sourcecode.swift; path = AlarmSettingCell.swift; sourceTree = "<group>"; };
		EEEDB2AC2664ADCB00E5C53A /* Poppins-SemiBold.ttf */ = {isa = PBXFileReference; lastKnownFileType = file; path = "Poppins-SemiBold.ttf"; sourceTree = "<group>"; };
		EEEDB2AD2664ADCB00E5C53A /* Poppins-Light.ttf */ = {isa = PBXFileReference; lastKnownFileType = file; path = "Poppins-Light.ttf"; sourceTree = "<group>"; };
		EEEDB2AE2664ADCB00E5C53A /* Poppins-BoldItalic.ttf */ = {isa = PBXFileReference; lastKnownFileType = file; path = "Poppins-BoldItalic.ttf"; sourceTree = "<group>"; };
		EEEDB2AF2664ADCB00E5C53A /* Poppins-Bold.ttf */ = {isa = PBXFileReference; lastKnownFileType = file; path = "Poppins-Bold.ttf"; sourceTree = "<group>"; };
		EEEDB2B02664ADCB00E5C53A /* Poppins-ExtraLight.ttf */ = {isa = PBXFileReference; lastKnownFileType = file; path = "Poppins-ExtraLight.ttf"; sourceTree = "<group>"; };
		EEEDB2B12664ADCB00E5C53A /* Poppins-SemiBoldItalic.ttf */ = {isa = PBXFileReference; lastKnownFileType = file; path = "Poppins-SemiBoldItalic.ttf"; sourceTree = "<group>"; };
		EEEDB2B22664ADCB00E5C53A /* Poppins-MediumItalic.ttf */ = {isa = PBXFileReference; lastKnownFileType = file; path = "Poppins-MediumItalic.ttf"; sourceTree = "<group>"; };
		EEEDB2B32664ADCB00E5C53A /* Poppins-Regular.ttf */ = {isa = PBXFileReference; lastKnownFileType = file; path = "Poppins-Regular.ttf"; sourceTree = "<group>"; };
		EEEDB2B42664ADCB00E5C53A /* Poppins-Medium.ttf */ = {isa = PBXFileReference; lastKnownFileType = file; path = "Poppins-Medium.ttf"; sourceTree = "<group>"; };
		EEEDB2B52664ADCB00E5C53A /* Poppins-ExtraLightItalic.ttf */ = {isa = PBXFileReference; lastKnownFileType = file; path = "Poppins-ExtraLightItalic.ttf"; sourceTree = "<group>"; };
		EEEDB2B62664ADCB00E5C53A /* Poppins-Thin.ttf */ = {isa = PBXFileReference; lastKnownFileType = file; path = "Poppins-Thin.ttf"; sourceTree = "<group>"; };
		EEEDB2B72664ADCB00E5C53A /* Poppins-BlackItalic.ttf */ = {isa = PBXFileReference; lastKnownFileType = file; path = "Poppins-BlackItalic.ttf"; sourceTree = "<group>"; };
		EEEDB2B82664ADCB00E5C53A /* Poppins-LightItalic.ttf */ = {isa = PBXFileReference; lastKnownFileType = file; path = "Poppins-LightItalic.ttf"; sourceTree = "<group>"; };
		EEEDB2B92664ADCB00E5C53A /* Poppins-ThinItalic.ttf */ = {isa = PBXFileReference; lastKnownFileType = file; path = "Poppins-ThinItalic.ttf"; sourceTree = "<group>"; };
		EEEDB2BA2664ADCB00E5C53A /* Poppins-Italic.ttf */ = {isa = PBXFileReference; lastKnownFileType = file; path = "Poppins-Italic.ttf"; sourceTree = "<group>"; };
		EEEDB2BB2664ADCB00E5C53A /* Poppins-ExtraBoldItalic.ttf */ = {isa = PBXFileReference; lastKnownFileType = file; path = "Poppins-ExtraBoldItalic.ttf"; sourceTree = "<group>"; };
		EEEDB2BC2664ADCB00E5C53A /* Poppins-ExtraBold.ttf */ = {isa = PBXFileReference; lastKnownFileType = file; path = "Poppins-ExtraBold.ttf"; sourceTree = "<group>"; };
		EEEDB2BD2664ADCB00E5C53A /* Poppins-Black.ttf */ = {isa = PBXFileReference; lastKnownFileType = file; path = "Poppins-Black.ttf"; sourceTree = "<group>"; };
		EEEDB2BE2664B44200E5C53A /* AddMyToDoViewController.swift */ = {isa = PBXFileReference; lastKnownFileType = sourcecode.swift; path = AddMyToDoViewController.swift; sourceTree = "<group>"; };
		EEEDB2C12664D30D00E5C53A /* extensions.swift */ = {isa = PBXFileReference; lastKnownFileType = sourcecode.swift; path = extensions.swift; sourceTree = "<group>"; };
		EEF7DF33266F83AA00832E95 /* MorePeopleToDo.swift */ = {isa = PBXFileReference; lastKnownFileType = sourcecode.swift; path = MorePeopleToDo.swift; sourceTree = "<group>"; };
		EEFAD2AA26B031720011A246 /* TagCell.swift */ = {isa = PBXFileReference; lastKnownFileType = sourcecode.swift; path = TagCell.swift; sourceTree = "<group>"; };
		EEFAD2AC26B0838F0011A246 /* ErrandDetailsViewController.swift */ = {isa = PBXFileReference; lastKnownFileType = sourcecode.swift; path = ErrandDetailsViewController.swift; sourceTree = "<group>"; };
		EEFC3F9E26971BA000CEB09F /* SearchViewModel.swift */ = {isa = PBXFileReference; lastKnownFileType = sourcecode.swift; path = SearchViewModel.swift; sourceTree = "<group>"; };
/* End PBXFileReference section */

/* Begin PBXFrameworksBuildPhase section */
		6AA769DE26636AE700B7E1F5 /* Frameworks */ = {
			isa = PBXFrameworksBuildPhase;
			buildActionMask = 2147483647;
			files = (
				E5052C73E73080AD40F6F655 /* Pods_EZY.framework in Frameworks */,
			);
			runOnlyForDeploymentPostprocessing = 0;
		};
/* End PBXFrameworksBuildPhase section */

/* Begin PBXGroup section */
		2B62A8E180A8585A5EDF7361 /* Frameworks */ = {
			isa = PBXGroup;
			children = (
				A75C11C1873FE4E191601230 /* Pods_EZY.framework */,
			);
			name = Frameworks;
			sourceTree = "<group>";
		};
		6AA769D826636AE700B7E1F5 = {
			isa = PBXGroup;
			children = (
				6AA769E326636AE700B7E1F5 /* EZY */,
				6AA769E226636AE700B7E1F5 /* Products */,
				2B62A8E180A8585A5EDF7361 /* Frameworks */,
				D97C84BDB41C12F061081FBC /* Pods */,
			);
			sourceTree = "<group>";
		};
		6AA769E226636AE700B7E1F5 /* Products */ = {
			isa = PBXGroup;
			children = (
				6AA769E126636AE700B7E1F5 /* EZY.app */,
			);
			name = Products;
			sourceTree = "<group>";
		};
		6AA769E326636AE700B7E1F5 /* EZY */ = {
			isa = PBXGroup;
			children = (
				EEEDB2C02664D10100E5C53A /* Utils */,
				6AA76A0026636C7B00B7E1F5 /* Font */,
				6AA769FF26636C7600B7E1F5 /* Controllers */,
				6AA769FE26636C7000B7E1F5 /* Models */,
				6AA769FD26636C6B00B7E1F5 /* Views */,
				6AA769FC26636C6500B7E1F5 /* ViewModels */,
				6AA769FB26636C5700B7E1F5 /* Services */,
				6AA769E426636AE700B7E1F5 /* AppDelegate.swift */,
				6AA769E626636AE700B7E1F5 /* SceneDelegate.swift */,
				6AA769F026636AE800B7E1F5 /* Assets.xcassets */,
				6AA769F226636AE800B7E1F5 /* LaunchScreen.storyboard */,
				6AA769ED26636AE700B7E1F5 /* EZY.xcdatamodeld */,
				EEB26ABE26ADAD7E00A32C76 /* Info.plist */,
			);
			path = EZY;
			sourceTree = "<group>";
		};
		6AA769FB26636C5700B7E1F5 /* Services */ = {
			isa = PBXGroup;
			children = (
			);
			path = Services;
			sourceTree = "<group>";
		};
		6AA769FC26636C6500B7E1F5 /* ViewModels */ = {
			isa = PBXGroup;
			children = (
				EEFC3F9E26971BA000CEB09F /* SearchViewModel.swift */,
			);
			path = ViewModels;
			sourceTree = "<group>";
		};
		6AA769FD26636C6B00B7E1F5 /* Views */ = {
			isa = PBXGroup;
			children = (
				EED20D62266C0F90000E0856 /* AdditionalButton.swift */,
				EE896CC4269C35640099E8CB /* AddScheduleModalBtn .swift */,
				EEA457F32682FFA100C08D17 /* AlertButton.swift */,
				EE93B4D62687639F0055D7A6 /* OneAlertButton.swift */,
				EE0734F526B17EAC00EA2117 /* inputContainerErrandTextView.swift */,
				EE766B8826B317CC0030ADDA /* SendUser.swift */,
				EE3B142526B48DF600B7184D /* CustomData.swift */,
				EEDE967826B882B0000AEE4D /* AlarmDatePickerView.swift */,
				EE47140E26BEF0B000BC495F /* GroupSearchTextfield.swift */,
				EE47143526BFC33600BC495F /* SearchTableView.swift */,
				EE37790A2679FB3800334D4A /* Cell */,
			);
			path = Views;
			sourceTree = "<group>";
		};
		6AA769FE26636C7000B7E1F5 /* Models */ = {
			isa = PBXGroup;
			children = (
				EE3779082679FAC100334D4A /* Model.swift */,
			);
			path = Models;
			sourceTree = "<group>";
		};
		6AA769FF26636C7600B7E1F5 /* Controllers */ = {
			isa = PBXGroup;
			children = (
				6AA76A0126636D2800B7E1F5 /* LoginViewController.swift */,
				EEF7DF33266F83AA00832E95 /* MorePeopleToDo.swift */,
				EE36219D267E18080099AF3A /* MoreCalendarModalsViewController.swift */,
				EE9C91B026AEE84300115DD2 /* MoreAlarmModelViewController.swift */,
				EEEDB2BE2664B44200E5C53A /* AddMyToDoViewController.swift */,
				EE782852268150A900AECC65 /* AddOurToDoViewController.swift */,
				EE7828542681859200AECC65 /* AddErrandViewController.swift */,
				EEFAD2AC26B0838F0011A246 /* ErrandDetailsViewController.swift */,
			);
			path = Controllers;
			sourceTree = "<group>";
		};
		6AA76A0026636C7B00B7E1F5 /* Font */ = {
			isa = PBXGroup;
			children = (
				EEEDB2BD2664ADCB00E5C53A /* Poppins-Black.ttf */,
				EEEDB2B72664ADCB00E5C53A /* Poppins-BlackItalic.ttf */,
				EEEDB2AF2664ADCB00E5C53A /* Poppins-Bold.ttf */,
				EEEDB2AE2664ADCB00E5C53A /* Poppins-BoldItalic.ttf */,
				EEEDB2BC2664ADCB00E5C53A /* Poppins-ExtraBold.ttf */,
				EEEDB2BB2664ADCB00E5C53A /* Poppins-ExtraBoldItalic.ttf */,
				EEEDB2B02664ADCB00E5C53A /* Poppins-ExtraLight.ttf */,
				EEEDB2B52664ADCB00E5C53A /* Poppins-ExtraLightItalic.ttf */,
				EEEDB2BA2664ADCB00E5C53A /* Poppins-Italic.ttf */,
				EEEDB2AD2664ADCB00E5C53A /* Poppins-Light.ttf */,
				EEEDB2B82664ADCB00E5C53A /* Poppins-LightItalic.ttf */,
				EEEDB2B42664ADCB00E5C53A /* Poppins-Medium.ttf */,
				EEEDB2B22664ADCB00E5C53A /* Poppins-MediumItalic.ttf */,
				EEEDB2B32664ADCB00E5C53A /* Poppins-Regular.ttf */,
				EEEDB2AC2664ADCB00E5C53A /* Poppins-SemiBold.ttf */,
				EEEDB2B12664ADCB00E5C53A /* Poppins-SemiBoldItalic.ttf */,
				EEEDB2B62664ADCB00E5C53A /* Poppins-Thin.ttf */,
				EEEDB2B92664ADCB00E5C53A /* Poppins-ThinItalic.ttf */,
			);
			path = Font;
			sourceTree = "<group>";
		};
		D97C84BDB41C12F061081FBC /* Pods */ = {
			isa = PBXGroup;
			children = (
				8B5046DC93C289B5AC6C406E /* Pods-EZY.debug.xcconfig */,
				14AF3F335899880714FDA1B3 /* Pods-EZY.release.xcconfig */,
			);
			path = Pods;
			sourceTree = "<group>";
		};
		EE37790A2679FB3800334D4A /* Cell */ = {
			isa = PBXGroup;
			children = (
				EE896CC2269BEA450099E8CB /* WhoShouldIAskCell.swift */,
				EE24573F269FDA6100E2EE9D /* WhatAboutPeopleLikeThisCell.swift */,
				EEE1E95226A9F38A0082B696 /* AlarmSettingCell.swift */,
				EEFAD2AA26B031720011A246 /* TagCell.swift */,
				EE47143726BFE7DB00BC495F /* SearchTableCell.swift */,
			);
			path = Cell;
			sourceTree = "<group>";
		};
		EEEDB2C02664D10100E5C53A /* Utils */ = {
			isa = PBXGroup;
			children = (
				EEEDB2C12664D30D00E5C53A /* extensions.swift */,
				EED007D426674AC2009A5A87 /* Utilities.swift */,
			);
			path = Utils;
			sourceTree = "<group>";
		};
/* End PBXGroup section */

/* Begin PBXNativeTarget section */
		6AA769E026636AE700B7E1F5 /* EZY */ = {
			isa = PBXNativeTarget;
			buildConfigurationList = 6AA769F826636AE800B7E1F5 /* Build configuration list for PBXNativeTarget "EZY" */;
			buildPhases = (
				403E3B89B0999B5A60799CB9 /* [CP] Check Pods Manifest.lock */,
				6AA769DD26636AE700B7E1F5 /* Sources */,
				6AA769DE26636AE700B7E1F5 /* Frameworks */,
				6AA769DF26636AE700B7E1F5 /* Resources */,
				8F426DE6A00A79981FB7B8D3 /* [CP] Embed Pods Frameworks */,
			);
			buildRules = (
			);
			dependencies = (
			);
			name = EZY;
			productName = EZY;
			productReference = 6AA769E126636AE700B7E1F5 /* EZY.app */;
			productType = "com.apple.product-type.application";
		};
/* End PBXNativeTarget section */

/* Begin PBXProject section */
		6AA769D926636AE700B7E1F5 /* Project object */ = {
			isa = PBXProject;
			attributes = {
				LastSwiftUpdateCheck = 1250;
				LastUpgradeCheck = 1250;
				TargetAttributes = {
					6AA769E026636AE700B7E1F5 = {
						CreatedOnToolsVersion = 12.5;
					};
				};
			};
			buildConfigurationList = 6AA769DC26636AE700B7E1F5 /* Build configuration list for PBXProject "EZY" */;
			compatibilityVersion = "Xcode 9.3";
			developmentRegion = en;
			hasScannedForEncodings = 0;
			knownRegions = (
				en,
				Base,
			);
			mainGroup = 6AA769D826636AE700B7E1F5;
			productRefGroup = 6AA769E226636AE700B7E1F5 /* Products */;
			projectDirPath = "";
			projectRoot = "";
			targets = (
				6AA769E026636AE700B7E1F5 /* EZY */,
			);
		};
/* End PBXProject section */

/* Begin PBXResourcesBuildPhase section */
		6AA769DF26636AE700B7E1F5 /* Resources */ = {
			isa = PBXResourcesBuildPhase;
			buildActionMask = 2147483647;
			files = (
				6AA769F426636AE800B7E1F5 /* LaunchScreen.storyboard in Resources */,
				6AA769F126636AE800B7E1F5 /* Assets.xcassets in Resources */,
			);
			runOnlyForDeploymentPostprocessing = 0;
		};
/* End PBXResourcesBuildPhase section */

/* Begin PBXShellScriptBuildPhase section */
		403E3B89B0999B5A60799CB9 /* [CP] Check Pods Manifest.lock */ = {
			isa = PBXShellScriptBuildPhase;
			buildActionMask = 2147483647;
			files = (
			);
			inputFileListPaths = (
			);
			inputPaths = (
				"${PODS_PODFILE_DIR_PATH}/Podfile.lock",
				"${PODS_ROOT}/Manifest.lock",
			);
			name = "[CP] Check Pods Manifest.lock";
			outputFileListPaths = (
			);
			outputPaths = (
				"$(DERIVED_FILE_DIR)/Pods-EZY-checkManifestLockResult.txt",
			);
			runOnlyForDeploymentPostprocessing = 0;
			shellPath = /bin/sh;
			shellScript = "diff \"${PODS_PODFILE_DIR_PATH}/Podfile.lock\" \"${PODS_ROOT}/Manifest.lock\" > /dev/null\nif [ $? != 0 ] ; then\n    # print error to STDERR\n    echo \"error: The sandbox is not in sync with the Podfile.lock. Run 'pod install' or update your CocoaPods installation.\" >&2\n    exit 1\nfi\n# This output is used by Xcode 'outputs' to avoid re-running this script phase.\necho \"SUCCESS\" > \"${SCRIPT_OUTPUT_FILE_0}\"\n";
			showEnvVarsInLog = 0;
		};
		8F426DE6A00A79981FB7B8D3 /* [CP] Embed Pods Frameworks */ = {
			isa = PBXShellScriptBuildPhase;
			buildActionMask = 2147483647;
			files = (
			);
			inputFileListPaths = (
				"${PODS_ROOT}/Target Support Files/Pods-EZY/Pods-EZY-frameworks-${CONFIGURATION}-input-files.xcfilelist",
			);
			name = "[CP] Embed Pods Frameworks";
			outputFileListPaths = (
				"${PODS_ROOT}/Target Support Files/Pods-EZY/Pods-EZY-frameworks-${CONFIGURATION}-output-files.xcfilelist",
			);
			runOnlyForDeploymentPostprocessing = 0;
			shellPath = /bin/sh;
			shellScript = "\"${PODS_ROOT}/Target Support Files/Pods-EZY/Pods-EZY-frameworks.sh\"\n";
			showEnvVarsInLog = 0;
		};
/* End PBXShellScriptBuildPhase section */

/* Begin PBXSourcesBuildPhase section */
		6AA769DD26636AE700B7E1F5 /* Sources */ = {
			isa = PBXSourcesBuildPhase;
			buildActionMask = 2147483647;
			files = (
				EEDE967926B882B0000AEE4D /* AlarmDatePickerView.swift in Sources */,
				EE896CC5269C35640099E8CB /* AddScheduleModalBtn .swift in Sources */,
				6AA76A0226636D2800B7E1F5 /* LoginViewController.swift in Sources */,
				6AA769EF26636AE700B7E1F5 /* EZY.xcdatamodeld in Sources */,
				EE36219E267E18080099AF3A /* MoreCalendarModalsViewController.swift in Sources */,
				EE47143626BFC33600BC495F /* SearchTableView.swift in Sources */,
				EEEDB2BF2664B44200E5C53A /* AddMyToDoViewController.swift in Sources */,
				EE766B8926B317CC0030ADDA /* SendUser.swift in Sources */,
				EE245740269FDA6100E2EE9D /* WhatAboutPeopleLikeThisCell.swift in Sources */,
				6AA769E526636AE700B7E1F5 /* AppDelegate.swift in Sources */,
				EEF7DF34266F83AA00832E95 /* MorePeopleToDo.swift in Sources */,
				EE47143826BFE7DB00BC495F /* SearchTableCell.swift in Sources */,
				EE3779092679FAC100334D4A /* Model.swift in Sources */,
				6AA769E726636AE700B7E1F5 /* SceneDelegate.swift in Sources */,
				EE782853268150A900AECC65 /* AddOurToDoViewController.swift in Sources */,
				EEFC3F9F26971BA000CEB09F /* SearchViewModel.swift in Sources */,
				EE0734F626B17EAC00EA2117 /* inputContainerErrandTextView.swift in Sources */,
				EE9C91B126AEE84300115DD2 /* MoreAlarmModelViewController.swift in Sources */,
				EED007D526674AC2009A5A87 /* Utilities.swift in Sources */,
				EE3B142626B48DF600B7184D /* CustomData.swift in Sources */,
				EE7828552681859200AECC65 /* AddErrandViewController.swift in Sources */,
				EEA457F42682FFA100C08D17 /* AlertButton.swift in Sources */,
				EEFAD2AD26B0838F0011A246 /* ErrandDetailsViewController.swift in Sources */,
				EEFAD2AB26B031720011A246 /* TagCell.swift in Sources */,
				EED20D63266C0F90000E0856 /* AdditionalButton.swift in Sources */,
				EE93B4D72687639F0055D7A6 /* OneAlertButton.swift in Sources */,
				EE47140F26BEF0B000BC495F /* GroupSearchTextfield.swift in Sources */,
				EE896CC3269BEA450099E8CB /* WhoShouldIAskCell.swift in Sources */,
				EEE1E95326A9F38A0082B696 /* AlarmSettingCell.swift in Sources */,
				EEEDB2C22664D30D00E5C53A /* extensions.swift in Sources */,
			);
			runOnlyForDeploymentPostprocessing = 0;
		};
/* End PBXSourcesBuildPhase section */

/* Begin PBXVariantGroup section */
		6AA769F226636AE800B7E1F5 /* LaunchScreen.storyboard */ = {
			isa = PBXVariantGroup;
			children = (
				6AA769F326636AE800B7E1F5 /* Base */,
			);
			name = LaunchScreen.storyboard;
			sourceTree = "<group>";
		};
/* End PBXVariantGroup section */

/* Begin XCBuildConfiguration section */
		6AA769F626636AE800B7E1F5 /* Debug */ = {
			isa = XCBuildConfiguration;
			buildSettings = {
				ALWAYS_SEARCH_USER_PATHS = NO;
				CLANG_ANALYZER_NONNULL = YES;
				CLANG_ANALYZER_NUMBER_OBJECT_CONVERSION = YES_AGGRESSIVE;
				CLANG_CXX_LANGUAGE_STANDARD = "gnu++14";
				CLANG_CXX_LIBRARY = "libc++";
				CLANG_ENABLE_MODULES = YES;
				CLANG_ENABLE_OBJC_ARC = YES;
				CLANG_ENABLE_OBJC_WEAK = YES;
				CLANG_WARN_BLOCK_CAPTURE_AUTORELEASING = YES;
				CLANG_WARN_BOOL_CONVERSION = YES;
				CLANG_WARN_COMMA = YES;
				CLANG_WARN_CONSTANT_CONVERSION = YES;
				CLANG_WARN_DEPRECATED_OBJC_IMPLEMENTATIONS = YES;
				CLANG_WARN_DIRECT_OBJC_ISA_USAGE = YES_ERROR;
				CLANG_WARN_DOCUMENTATION_COMMENTS = YES;
				CLANG_WARN_EMPTY_BODY = YES;
				CLANG_WARN_ENUM_CONVERSION = YES;
				CLANG_WARN_INFINITE_RECURSION = YES;
				CLANG_WARN_INT_CONVERSION = YES;
				CLANG_WARN_NON_LITERAL_NULL_CONVERSION = YES;
				CLANG_WARN_OBJC_IMPLICIT_RETAIN_SELF = YES;
				CLANG_WARN_OBJC_LITERAL_CONVERSION = YES;
				CLANG_WARN_OBJC_ROOT_CLASS = YES_ERROR;
				CLANG_WARN_QUOTED_INCLUDE_IN_FRAMEWORK_HEADER = YES;
				CLANG_WARN_RANGE_LOOP_ANALYSIS = YES;
				CLANG_WARN_STRICT_PROTOTYPES = YES;
				CLANG_WARN_SUSPICIOUS_MOVE = YES;
				CLANG_WARN_UNGUARDED_AVAILABILITY = YES_AGGRESSIVE;
				CLANG_WARN_UNREACHABLE_CODE = YES;
				CLANG_WARN__DUPLICATE_METHOD_MATCH = YES;
				COPY_PHASE_STRIP = NO;
				DEBUG_INFORMATION_FORMAT = dwarf;
				ENABLE_STRICT_OBJC_MSGSEND = YES;
				ENABLE_TESTABILITY = YES;
				GCC_C_LANGUAGE_STANDARD = gnu11;
				GCC_DYNAMIC_NO_PIC = NO;
				GCC_NO_COMMON_BLOCKS = YES;
				GCC_OPTIMIZATION_LEVEL = 0;
				GCC_PREPROCESSOR_DEFINITIONS = (
					"DEBUG=1",
					"$(inherited)",
				);
				GCC_WARN_64_TO_32_BIT_CONVERSION = YES;
				GCC_WARN_ABOUT_RETURN_TYPE = YES_ERROR;
				GCC_WARN_UNDECLARED_SELECTOR = YES;
				GCC_WARN_UNINITIALIZED_AUTOS = YES_AGGRESSIVE;
				GCC_WARN_UNUSED_FUNCTION = YES;
				GCC_WARN_UNUSED_VARIABLE = YES;
				IPHONEOS_DEPLOYMENT_TARGET = 14.5;
				MTL_ENABLE_DEBUG_INFO = INCLUDE_SOURCE;
				MTL_FAST_MATH = YES;
				ONLY_ACTIVE_ARCH = YES;
				SDKROOT = iphoneos;
				SWIFT_ACTIVE_COMPILATION_CONDITIONS = DEBUG;
				SWIFT_OPTIMIZATION_LEVEL = "-Onone";
			};
			name = Debug;
		};
		6AA769F726636AE800B7E1F5 /* Release */ = {
			isa = XCBuildConfiguration;
			buildSettings = {
				ALWAYS_SEARCH_USER_PATHS = NO;
				CLANG_ANALYZER_NONNULL = YES;
				CLANG_ANALYZER_NUMBER_OBJECT_CONVERSION = YES_AGGRESSIVE;
				CLANG_CXX_LANGUAGE_STANDARD = "gnu++14";
				CLANG_CXX_LIBRARY = "libc++";
				CLANG_ENABLE_MODULES = YES;
				CLANG_ENABLE_OBJC_ARC = YES;
				CLANG_ENABLE_OBJC_WEAK = YES;
				CLANG_WARN_BLOCK_CAPTURE_AUTORELEASING = YES;
				CLANG_WARN_BOOL_CONVERSION = YES;
				CLANG_WARN_COMMA = YES;
				CLANG_WARN_CONSTANT_CONVERSION = YES;
				CLANG_WARN_DEPRECATED_OBJC_IMPLEMENTATIONS = YES;
				CLANG_WARN_DIRECT_OBJC_ISA_USAGE = YES_ERROR;
				CLANG_WARN_DOCUMENTATION_COMMENTS = YES;
				CLANG_WARN_EMPTY_BODY = YES;
				CLANG_WARN_ENUM_CONVERSION = YES;
				CLANG_WARN_INFINITE_RECURSION = YES;
				CLANG_WARN_INT_CONVERSION = YES;
				CLANG_WARN_NON_LITERAL_NULL_CONVERSION = YES;
				CLANG_WARN_OBJC_IMPLICIT_RETAIN_SELF = YES;
				CLANG_WARN_OBJC_LITERAL_CONVERSION = YES;
				CLANG_WARN_OBJC_ROOT_CLASS = YES_ERROR;
				CLANG_WARN_QUOTED_INCLUDE_IN_FRAMEWORK_HEADER = YES;
				CLANG_WARN_RANGE_LOOP_ANALYSIS = YES;
				CLANG_WARN_STRICT_PROTOTYPES = YES;
				CLANG_WARN_SUSPICIOUS_MOVE = YES;
				CLANG_WARN_UNGUARDED_AVAILABILITY = YES_AGGRESSIVE;
				CLANG_WARN_UNREACHABLE_CODE = YES;
				CLANG_WARN__DUPLICATE_METHOD_MATCH = YES;
				COPY_PHASE_STRIP = NO;
				DEBUG_INFORMATION_FORMAT = "dwarf-with-dsym";
				ENABLE_NS_ASSERTIONS = NO;
				ENABLE_STRICT_OBJC_MSGSEND = YES;
				GCC_C_LANGUAGE_STANDARD = gnu11;
				GCC_NO_COMMON_BLOCKS = YES;
				GCC_WARN_64_TO_32_BIT_CONVERSION = YES;
				GCC_WARN_ABOUT_RETURN_TYPE = YES_ERROR;
				GCC_WARN_UNDECLARED_SELECTOR = YES;
				GCC_WARN_UNINITIALIZED_AUTOS = YES_AGGRESSIVE;
				GCC_WARN_UNUSED_FUNCTION = YES;
				GCC_WARN_UNUSED_VARIABLE = YES;
				IPHONEOS_DEPLOYMENT_TARGET = 14.5;
				MTL_ENABLE_DEBUG_INFO = NO;
				MTL_FAST_MATH = YES;
				SDKROOT = iphoneos;
				SWIFT_COMPILATION_MODE = wholemodule;
				SWIFT_OPTIMIZATION_LEVEL = "-O";
				VALIDATE_PRODUCT = YES;
			};
			name = Release;
		};
		6AA769F926636AE800B7E1F5 /* Debug */ = {
			isa = XCBuildConfiguration;
			baseConfigurationReference = 8B5046DC93C289B5AC6C406E /* Pods-EZY.debug.xcconfig */;
			buildSettings = {
				ASSETCATALOG_COMPILER_APPICON_NAME = AppIcon;
				ASSETCATALOG_COMPILER_GLOBAL_ACCENT_COLOR_NAME = AccentColor;
				CODE_SIGN_STYLE = Automatic;
				DEVELOPMENT_TEAM = Q25U65UWAP;
				INFOPLIST_FILE = EZY/Info.plist;
				LD_RUNPATH_SEARCH_PATHS = (
					"$(inherited)",
					"@executable_path/Frameworks",
				);
				PRODUCT_BUNDLE_IDENTIFIER = com.yujin.EZY;
				PRODUCT_NAME = "$(TARGET_NAME)";
				SWIFT_VERSION = 5.0;
				TARGETED_DEVICE_FAMILY = "1,2";
			};
			name = Debug;
		};
		6AA769FA26636AE800B7E1F5 /* Release */ = {
			isa = XCBuildConfiguration;
			baseConfigurationReference = 14AF3F335899880714FDA1B3 /* Pods-EZY.release.xcconfig */;
			buildSettings = {
				ASSETCATALOG_COMPILER_APPICON_NAME = AppIcon;
				ASSETCATALOG_COMPILER_GLOBAL_ACCENT_COLOR_NAME = AccentColor;
				CODE_SIGN_STYLE = Automatic;
				DEVELOPMENT_TEAM = Q25U65UWAP;
				INFOPLIST_FILE = EZY/Info.plist;
				LD_RUNPATH_SEARCH_PATHS = (
					"$(inherited)",
					"@executable_path/Frameworks",
				);
				PRODUCT_BUNDLE_IDENTIFIER = com.yujin.EZY;
				PRODUCT_NAME = "$(TARGET_NAME)";
				SWIFT_VERSION = 5.0;
				TARGETED_DEVICE_FAMILY = "1,2";
			};
			name = Release;
		};
/* End XCBuildConfiguration section */

/* Begin XCConfigurationList section */
		6AA769DC26636AE700B7E1F5 /* Build configuration list for PBXProject "EZY" */ = {
			isa = XCConfigurationList;
			buildConfigurations = (
				6AA769F626636AE800B7E1F5 /* Debug */,
				6AA769F726636AE800B7E1F5 /* Release */,
			);
			defaultConfigurationIsVisible = 0;
			defaultConfigurationName = Release;
		};
		6AA769F826636AE800B7E1F5 /* Build configuration list for PBXNativeTarget "EZY" */ = {
			isa = XCConfigurationList;
			buildConfigurations = (
				6AA769F926636AE800B7E1F5 /* Debug */,
				6AA769FA26636AE800B7E1F5 /* Release */,
			);
			defaultConfigurationIsVisible = 0;
			defaultConfigurationName = Release;
		};
/* End XCConfigurationList section */

/* Begin XCVersionGroup section */
		6AA769ED26636AE700B7E1F5 /* EZY.xcdatamodeld */ = {
			isa = XCVersionGroup;
			children = (
				6AA769EE26636AE700B7E1F5 /* EZY.xcdatamodel */,
			);
			currentVersion = 6AA769EE26636AE700B7E1F5 /* EZY.xcdatamodel */;
			path = EZY.xcdatamodeld;
			sourceTree = "<group>";
			versionGroupType = wrapper.xcdatamodel;
		};
/* End XCVersionGroup section */
	};
	rootObject = 6AA769D926636AE700B7E1F5 /* Project object */;
}
