// !$*UTF8*$!
{
	archiveVersion = 1;
	classes = {
	};
	objectVersion = 51;
	objects = {

/* Begin PBXBuildFile section */
		08B81D198F46995E749BD8A0 /* Pods_EZY.framework in Frameworks */ = {isa = PBXBuildFile; fileRef = C37AD74ACD84F363045FF654 /* Pods_EZY.framework */; };
		6A097CFD268ED628001E011D /* CalendarView.swift in Sources */ = {isa = PBXBuildFile; fileRef = 6A097CFC268ED628001E011D /* CalendarView.swift */; };
		6A138F81266F862200DBCE49 /* GroupAddCollectionViewCell.swift in Sources */ = {isa = PBXBuildFile; fileRef = 6A138F80266F862200DBCE49 /* GroupAddCollectionViewCell.swift */; };
		6A138F89266FACFE00DBCE49 /* GroupAddModalView.swift in Sources */ = {isa = PBXBuildFile; fileRef = 6A138F88266FACFE00DBCE49 /* GroupAddModalView.swift */; };
		6A138F8D26703C1900DBCE49 /* selectedMemberCollectionViewCell.swift in Sources */ = {isa = PBXBuildFile; fileRef = 6A138F8C26703C1900DBCE49 /* selectedMemberCollectionViewCell.swift */; };
		6A1E3E9026797CB600E7B198 /* DeleteModalView.swift in Sources */ = {isa = PBXBuildFile; fileRef = 6A1E3E8F26797CB600E7B198 /* DeleteModalView.swift */; };
		6A3E2E7626B10D760078D749 /* ChangePasswordPhoneNumAfterLoginViewController.swift in Sources */ = {isa = PBXBuildFile; fileRef = 6A3E2E7526B10D760078D749 /* ChangePasswordPhoneNumAfterLoginViewController.swift */; };
		6A3E2E7826B111540078D749 /* ChangePasswordAfterLoginViewController.swift in Sources */ = {isa = PBXBuildFile; fileRef = 6A3E2E7726B111540078D749 /* ChangePasswordAfterLoginViewController.swift */; };
		6A3E2E7E26B6A5FB0078D749 /* ViewModel.swift in Sources */ = {isa = PBXBuildFile; fileRef = 6A3E2E7D26B6A5FB0078D749 /* ViewModel.swift */; };
		6A3E2E8026B6A60B0078D749 /* ManagementbtnModel.swift in Sources */ = {isa = PBXBuildFile; fileRef = 6A3E2E7F26B6A60B0078D749 /* ManagementbtnModel.swift */; };
		6A3E2E9326B6A84F0078D749 /* Poppins-BlackItalic.ttf in Resources */ = {isa = PBXBuildFile; fileRef = 6A3E2E8226B6A84E0078D749 /* Poppins-BlackItalic.ttf */; };
		6A3E2E9426B6A84F0078D749 /* Poppins-Regular.ttf in Resources */ = {isa = PBXBuildFile; fileRef = 6A3E2E8326B6A84E0078D749 /* Poppins-Regular.ttf */; };
		6A3E2E9526B6A84F0078D749 /* Poppins-SemiBold.ttf in Resources */ = {isa = PBXBuildFile; fileRef = 6A3E2E8426B6A84E0078D749 /* Poppins-SemiBold.ttf */; };
		6A3E2E9626B6A84F0078D749 /* Poppins-LightItalic.ttf in Resources */ = {isa = PBXBuildFile; fileRef = 6A3E2E8526B6A84E0078D749 /* Poppins-LightItalic.ttf */; };
		6A3E2E9726B6A84F0078D749 /* Poppins-ExtraLight.ttf in Resources */ = {isa = PBXBuildFile; fileRef = 6A3E2E8626B6A84E0078D749 /* Poppins-ExtraLight.ttf */; };
		6A3E2E9826B6A84F0078D749 /* Poppins-ThinItalic.ttf in Resources */ = {isa = PBXBuildFile; fileRef = 6A3E2E8726B6A84E0078D749 /* Poppins-ThinItalic.ttf */; };
		6A3E2E9926B6A84F0078D749 /* Poppins-Light.ttf in Resources */ = {isa = PBXBuildFile; fileRef = 6A3E2E8826B6A84E0078D749 /* Poppins-Light.ttf */; };
		6A3E2E9A26B6A84F0078D749 /* Poppins-Medium.ttf in Resources */ = {isa = PBXBuildFile; fileRef = 6A3E2E8926B6A84E0078D749 /* Poppins-Medium.ttf */; };
		6A3E2E9B26B6A84F0078D749 /* Poppins-ExtraBold.ttf in Resources */ = {isa = PBXBuildFile; fileRef = 6A3E2E8A26B6A84E0078D749 /* Poppins-ExtraBold.ttf */; };
		6A3E2E9C26B6A84F0078D749 /* Poppins-Italic.ttf in Resources */ = {isa = PBXBuildFile; fileRef = 6A3E2E8B26B6A84E0078D749 /* Poppins-Italic.ttf */; };
		6A3E2E9D26B6A84F0078D749 /* Poppins-MediumItalic.ttf in Resources */ = {isa = PBXBuildFile; fileRef = 6A3E2E8C26B6A84E0078D749 /* Poppins-MediumItalic.ttf */; };
		6A3E2E9E26B6A84F0078D749 /* Poppins-ExtraLightItalic.ttf in Resources */ = {isa = PBXBuildFile; fileRef = 6A3E2E8D26B6A84E0078D749 /* Poppins-ExtraLightItalic.ttf */; };
		6A3E2E9F26B6A84F0078D749 /* Poppins-SemiBoldItalic.ttf in Resources */ = {isa = PBXBuildFile; fileRef = 6A3E2E8E26B6A84E0078D749 /* Poppins-SemiBoldItalic.ttf */; };
		6A3E2EA026B6A84F0078D749 /* Poppins-ExtraBoldItalic.ttf in Resources */ = {isa = PBXBuildFile; fileRef = 6A3E2E8F26B6A84E0078D749 /* Poppins-ExtraBoldItalic.ttf */; };
		6A3E2EA126B6A84F0078D749 /* Poppins-Thin.ttf in Resources */ = {isa = PBXBuildFile; fileRef = 6A3E2E9026B6A84F0078D749 /* Poppins-Thin.ttf */; };
		6A3E2EA226B6A84F0078D749 /* Poppins-Bold.ttf in Resources */ = {isa = PBXBuildFile; fileRef = 6A3E2E9126B6A84F0078D749 /* Poppins-Bold.ttf */; };
		6A3E2EA326B6A84F0078D749 /* Poppins-BoldItalic.ttf in Resources */ = {isa = PBXBuildFile; fileRef = 6A3E2E9226B6A84F0078D749 /* Poppins-BoldItalic.ttf */; };
		6A44474D26677647004C4BC3 /* Assets.xcassets in Resources */ = {isa = PBXBuildFile; fileRef = 6A44474C26677647004C4BC3 /* Assets.xcassets */; };
		6A47F9D42718F63600AAA6E0 /* CalendarAddModelViewController.swift in Sources */ = {isa = PBXBuildFile; fileRef = 6A47F9D32718F63600AAA6E0 /* CalendarAddModelViewController.swift */; };
		6A4AE85D2678EBEE009E33CD /* GroupModifyDeleteModalView.swift in Sources */ = {isa = PBXBuildFile; fileRef = 6A4AE85C2678EBEE009E33CD /* GroupModifyDeleteModalView.swift */; };
		6A4EDA002668653200B809EC /* ScheduleTimeTableViewCell.swift in Sources */ = {isa = PBXBuildFile; fileRef = 6A4ED9FF2668653200B809EC /* ScheduleTimeTableViewCell.swift */; };
		6A4EDA2C266A045B00B809EC /* NotificationViewController.swift in Sources */ = {isa = PBXBuildFile; fileRef = 6A4EDA2B266A045B00B809EC /* NotificationViewController.swift */; };
		6A4EDA2E266A332100B809EC /* NotificationTableViewCell.swift in Sources */ = {isa = PBXBuildFile; fileRef = 6A4EDA2D266A332100B809EC /* NotificationTableViewCell.swift */; };
		6A4EDA30266A336000B809EC /* NotificationTableView.swift in Sources */ = {isa = PBXBuildFile; fileRef = 6A4EDA2F266A336000B809EC /* NotificationTableView.swift */; };
		6A4EDA32266BD11600B809EC /* SettingViewController.swift in Sources */ = {isa = PBXBuildFile; fileRef = 6A4EDA31266BD11600B809EC /* SettingViewController.swift */; };
		6A4EDA35266BD27800B809EC /* TopView.swift in Sources */ = {isa = PBXBuildFile; fileRef = 6A4EDA34266BD27800B809EC /* TopView.swift */; };
		6A4EDA37266DA52A00B809EC /* SettingTableViewCell.swift in Sources */ = {isa = PBXBuildFile; fileRef = 6A4EDA36266DA52A00B809EC /* SettingTableViewCell.swift */; };
		6A4EDA41266E38E000B809EC /* GroupCollectionViewCell.swift in Sources */ = {isa = PBXBuildFile; fileRef = 6A4EDA40266E38E000B809EC /* GroupCollectionViewCell.swift */; };
		6A5C6A242734A24000556849 /* TagAddModalViewController.swift in Sources */ = {isa = PBXBuildFile; fileRef = 6A5C6A232734A24000556849 /* TagAddModalViewController.swift */; };
		6A685C0D26AC1E2D0079BC30 /* PersonalPlanDetailRepeatDayCollectionViewCell.swift in Sources */ = {isa = PBXBuildFile; fileRef = 6A685C0C26AC1E2D0079BC30 /* PersonalPlanDetailRepeatDayCollectionViewCell.swift */; };
		6A6A66E026D608D40096A14B /* GoogleService-Info.plist in Resources */ = {isa = PBXBuildFile; fileRef = 6A6A66DF26D608D40096A14B /* GoogleService-Info.plist */; };
		6A705BB6267E3ABF001954CE /* ChangeMyTodoViewController.swift in Sources */ = {isa = PBXBuildFile; fileRef = 6A705BB5267E3ABF001954CE /* ChangeMyTodoViewController.swift */; };
		6A72073426C618600098830F /* RecommendedTagCollectionViewCell.swift in Sources */ = {isa = PBXBuildFile; fileRef = 6A72073326C618600098830F /* RecommendedTagCollectionViewCell.swift */; };
		6A8283502698132000AC381B /* PlanDeleteModalView.swift in Sources */ = {isa = PBXBuildFile; fileRef = 6A82834F2698132000AC381B /* PlanDeleteModalView.swift */; };
		6A82835426982A6C00AC381B /* InquiryViewController.swift in Sources */ = {isa = PBXBuildFile; fileRef = 6A82835326982A6C00AC381B /* InquiryViewController.swift */; };
		6A82835626982A8B00AC381B /* questionTableViewCell.swift in Sources */ = {isa = PBXBuildFile; fileRef = 6A82835526982A8B00AC381B /* questionTableViewCell.swift */; };
		6A8283582699742300AC381B /* TagCollectionViewCell.swift in Sources */ = {isa = PBXBuildFile; fileRef = 6A8283572699742300AC381B /* TagCollectionViewCell.swift */; };
		6A82835A26997AB500AC381B /* TagCollectionViewModel.swift in Sources */ = {isa = PBXBuildFile; fileRef = 6A82835926997AB500AC381B /* TagCollectionViewModel.swift */; };
		6A94934E2670DBC700CC5B37 /* SearchResultsView.swift in Sources */ = {isa = PBXBuildFile; fileRef = 6A94934D2670DBC700CC5B37 /* SearchResultsView.swift */; };
		6A98A9CC2666F94E00BFAE30 /* ScheduleTypeCollectionViewCell.swift in Sources */ = {isa = PBXBuildFile; fileRef = 6A98A9CB2666F94E00BFAE30 /* ScheduleTypeCollectionViewCell.swift */; };
		6A9DF2EB26A7C7B90026F89D /* InquirySendChattingBoxView.swift in Sources */ = {isa = PBXBuildFile; fileRef = 6A9DF2EA26A7C7B90026F89D /* InquirySendChattingBoxView.swift */; };
		6AA6F792269C2E4D00958D36 /* SignUpPasswordViewController.swift in Sources */ = {isa = PBXBuildFile; fileRef = 6AA6F78E269C2E4C00958D36 /* SignUpPasswordViewController.swift */; };
		6AA6F793269C2E4D00958D36 /* SignUpNicknameViewController.swift in Sources */ = {isa = PBXBuildFile; fileRef = 6AA6F78F269C2E4C00958D36 /* SignUpNicknameViewController.swift */; };
		6AA6F794269C2E4D00958D36 /* SignUpPhoneNumViewController.swift in Sources */ = {isa = PBXBuildFile; fileRef = 6AA6F790269C2E4C00958D36 /* SignUpPhoneNumViewController.swift */; };
		6AA6F795269C2E4D00958D36 /* SignUpTermsViewController.swift in Sources */ = {isa = PBXBuildFile; fileRef = 6AA6F791269C2E4D00958D36 /* SignUpTermsViewController.swift */; };
		6AA6F798269C2E6200958D36 /* NewPasswordPhoneNumViewController.swift in Sources */ = {isa = PBXBuildFile; fileRef = 6AA6F796269C2E6200958D36 /* NewPasswordPhoneNumViewController.swift */; };
		6AA6F799269C2E6200958D36 /* NewPasswordPutViewController.swift in Sources */ = {isa = PBXBuildFile; fileRef = 6AA6F797269C2E6200958D36 /* NewPasswordPutViewController.swift */; };
		6AA769E526636AE700B7E1F5 /* AppDelegate.swift in Sources */ = {isa = PBXBuildFile; fileRef = 6AA769E426636AE700B7E1F5 /* AppDelegate.swift */; };
		6AA769E726636AE700B7E1F5 /* SceneDelegate.swift in Sources */ = {isa = PBXBuildFile; fileRef = 6AA769E626636AE700B7E1F5 /* SceneDelegate.swift */; };
		6AA769EF26636AE700B7E1F5 /* EZY.xcdatamodeld in Sources */ = {isa = PBXBuildFile; fileRef = 6AA769ED26636AE700B7E1F5 /* EZY.xcdatamodeld */; };
		6AA76A0226636D2800B7E1F5 /* LoginViewController.swift in Sources */ = {isa = PBXBuildFile; fileRef = 6AA76A0126636D2800B7E1F5 /* LoginViewController.swift */; };
		6AA76A282663958B00B7E1F5 /* ShowPlanViewController.swift in Sources */ = {isa = PBXBuildFile; fileRef = 6AA76A272663958B00B7E1F5 /* ShowPlanViewController.swift */; };
		6AA7E785271E648500034327 /* DayModel.swift in Sources */ = {isa = PBXBuildFile; fileRef = 6AA7E784271E648500034327 /* DayModel.swift */; };
		6AA7E7872720E64100034327 /* TimeAddModalViewController.swift in Sources */ = {isa = PBXBuildFile; fileRef = 6AA7E7862720E64100034327 /* TimeAddModalViewController.swift */; };
		6AB27CAC269D758100B95C0F /* ChangeIdAfterLoginViewController.swift in Sources */ = {isa = PBXBuildFile; fileRef = 6AB27CAB269D758100B95C0F /* ChangeIdAfterLoginViewController.swift */; };
		6AB27CB0269D8C1600B95C0F /* WithdrawalViewController.swift in Sources */ = {isa = PBXBuildFile; fileRef = 6AB27CAF269D8C1600B95C0F /* WithdrawalViewController.swift */; };
		6AB27CB2269DD1B900B95C0F /* InquiryChattingViewController.swift in Sources */ = {isa = PBXBuildFile; fileRef = 6AB27CB1269DD1B900B95C0F /* InquiryChattingViewController.swift */; };
		6AB27CB4269DD42400B95C0F /* InquiryReceiveChattingBoxView.swift in Sources */ = {isa = PBXBuildFile; fileRef = 6AB27CB3269DD42400B95C0F /* InquiryReceiveChattingBoxView.swift */; };
		6AB486FF26834D8C00E95D43 /* CalendarCollectionViewCell.swift in Sources */ = {isa = PBXBuildFile; fileRef = 6AB486FE26834D8C00E95D43 /* CalendarCollectionViewCell.swift */; };
		6AB7D443272FE41A00FAFA19 /* CalendarViewLayout.swift in Sources */ = {isa = PBXBuildFile; fileRef = 6AB7D442272FE41A00FAFA19 /* CalendarViewLayout.swift */; };
		6ABA2C8C26A5366000CB1E16 /* WithdrawalModalView.swift in Sources */ = {isa = PBXBuildFile; fileRef = 6ABA2C8B26A5366000CB1E16 /* WithdrawalModalView.swift */; };
		6AC1F4062684093700DDD08C /* TagColorCollectionViewModel.swift in Sources */ = {isa = PBXBuildFile; fileRef = 6AC1F4052684093700DDD08C /* TagColorCollectionViewModel.swift */; };
		6AC3BF18267B475200DDCBB2 /* PlanRequestRespondingViewController.swift in Sources */ = {isa = PBXBuildFile; fileRef = 6AC3BF17267B475200DDCBB2 /* PlanRequestRespondingViewController.swift */; };
		6ACB4ED2269C2FA8008606C5 /* TopBarView.swift in Sources */ = {isa = PBXBuildFile; fileRef = 6ACB4ED1269C2FA8008606C5 /* TopBarView.swift */; };
		6ADE8A2726B7B76E002199E7 /* LocalAuthentication.framework in Frameworks */ = {isa = PBXBuildFile; fileRef = 6ADE8A2626B7B76E002199E7 /* LocalAuthentication.framework */; };
		6AE41E7A26A9228A0072612C /* TagManagementViewController.swift in Sources */ = {isa = PBXBuildFile; fileRef = 6AE41E7926A9228A0072612C /* TagManagementViewController.swift */; };
		6AE41E7C26A9492C0072612C /* TagTableViewCell.swift in Sources */ = {isa = PBXBuildFile; fileRef = 6AE41E7B26A9492C0072612C /* TagTableViewCell.swift */; };
		6AE41E7E26A9560C0072612C /* TagSettingViewController.swift in Sources */ = {isa = PBXBuildFile; fileRef = 6AE41E7D26A9560C0072612C /* TagSettingViewController.swift */; };
		6AE41E8226A97C440072612C /* TagDeleteModalView.swift in Sources */ = {isa = PBXBuildFile; fileRef = 6AE41E8126A97C440072612C /* TagDeleteModalView.swift */; };
		6AE5BAFA269534D300A9731B /* StartTimeTableViewCell.swift in Sources */ = {isa = PBXBuildFile; fileRef = 6AE5BAF9269534D300A9731B /* StartTimeTableViewCell.swift */; };
		6AE5BAFC26953E0F00A9731B /* EndTimeTableViewCell.swift in Sources */ = {isa = PBXBuildFile; fileRef = 6AE5BAFB26953E0F00A9731B /* EndTimeTableViewCell.swift */; };
		6AE5BB012695746F00A9731B /* PersonalPlanAddRepeatDayCollectionViewCell.swift in Sources */ = {isa = PBXBuildFile; fileRef = 6AE5BB002695746F00A9731B /* PersonalPlanAddRepeatDayCollectionViewCell.swift */; };
		6AE5BB0326957B0600A9731B /* RepeatCollectionViewModel.swift in Sources */ = {isa = PBXBuildFile; fileRef = 6AE5BB0226957B0600A9731B /* RepeatCollectionViewModel.swift */; };
		6AE5BB0C269670CB00A9731B /* CustomGradientLoginBtnView.swift in Sources */ = {isa = PBXBuildFile; fileRef = 6AE5BB09269670CB00A9731B /* CustomGradientLoginBtnView.swift */; };
		6AE5BB0D269670CB00A9731B /* CustomGradientContinueBtnView.swift in Sources */ = {isa = PBXBuildFile; fileRef = 6AE5BB0A269670CB00A9731B /* CustomGradientContinueBtnView.swift */; };
		6AE5BB0E269670CB00A9731B /* CustomGradientTermsBtnView.swift in Sources */ = {isa = PBXBuildFile; fileRef = 6AE5BB0B269670CB00A9731B /* CustomGradientTermsBtnView.swift */; };
		6AE5BB102696733F00A9731B /* SelectLocationViewController.swift in Sources */ = {isa = PBXBuildFile; fileRef = 6AE5BB0F2696733F00A9731B /* SelectLocationViewController.swift */; };
		6AE5BB14269690B200A9731B /* LocationTableViewCell.swift in Sources */ = {isa = PBXBuildFile; fileRef = 6AE5BB13269690B200A9731B /* LocationTableViewCell.swift */; };
		6AE5BB1626969AFD00A9731B /* SelectLocationModalView.swift in Sources */ = {isa = PBXBuildFile; fileRef = 6AE5BB1526969AFD00A9731B /* SelectLocationModalView.swift */; };
		6AE5BB1A2696A6CE00A9731B /* Extension.swift in Sources */ = {isa = PBXBuildFile; fileRef = 6AE5BB192696A6CE00A9731B /* Extension.swift */; };
		6AE5BB1C2696B9C900A9731B /* PlanCompleteModalView.swift in Sources */ = {isa = PBXBuildFile; fileRef = 6AE5BB1B2696B9C900A9731B /* PlanCompleteModalView.swift */; };
		6AE5BB1E2696DDA600A9731B /* PersonalPlanDetailViewController.swift in Sources */ = {isa = PBXBuildFile; fileRef = 6AE5BB1D2696DDA600A9731B /* PersonalPlanDetailViewController.swift */; };
		6AFB77F9267ECD6700B59482 /* WhiteBackgroundView.swift in Sources */ = {isa = PBXBuildFile; fileRef = 6AFB77F8267ECD6700B59482 /* WhiteBackgroundView.swift */; };
		6AFB77FE267F343500B59482 /* TagAddModalView.swift in Sources */ = {isa = PBXBuildFile; fileRef = 6AFB77FD267F343500B59482 /* TagAddModalView.swift */; };
		6AFB7800267F812B00B59482 /* TagColorCollectionViewCell.swift in Sources */ = {isa = PBXBuildFile; fileRef = 6AFB77FF267F812B00B59482 /* TagColorCollectionViewCell.swift */; };
		6AFCBE982711D6CE00801159 /* CalendarBtn.swift in Sources */ = {isa = PBXBuildFile; fileRef = 6AFCBE972711D6CE00801159 /* CalendarBtn.swift */; };
		AA04F9D52700996800EE0506 /* LoginTextFieldContainerView.swift in Sources */ = {isa = PBXBuildFile; fileRef = AA04F9D42700996800EE0506 /* LoginTextFieldContainerView.swift */; };
		AA04F9D72701C12600EE0506 /* SignUpTextFieldContainerView.swift in Sources */ = {isa = PBXBuildFile; fileRef = AA04F9D62701C12600EE0506 /* SignUpTextFieldContainerView.swift */; };
		AA4575082736CC790018411C /* AuthCodeTextFieldView.swift in Sources */ = {isa = PBXBuildFile; fileRef = AA4575072736CC790018411C /* AuthCodeTextFieldView.swift */; };
		AA82BCE02737AB2A000D3F04 /* SignUpAuthCodeViewController.swift in Sources */ = {isa = PBXBuildFile; fileRef = AA82BCDF2737AB2A000D3F04 /* SignUpAuthCodeViewController.swift */; };
		AAAA0EF727389F4000DBCA68 /* NewPasswordAuthCodeViewController.swift in Sources */ = {isa = PBXBuildFile; fileRef = AAAA0EF627389F4000DBCA68 /* NewPasswordAuthCodeViewController.swift */; };
		AAAA0EF92738A21D00DBCA68 /* NewNicknameAuthCodeViewController.swift in Sources */ = {isa = PBXBuildFile; fileRef = AAAA0EF82738A21D00DBCA68 /* NewNicknameAuthCodeViewController.swift */; };
		AAAA0EFB2738A30800DBCA68 /* ChangePasswordAuthCodeAfterLoginViewController.swift in Sources */ = {isa = PBXBuildFile; fileRef = AAAA0EFA2738A30800DBCA68 /* ChangePasswordAuthCodeAfterLoginViewController.swift */; };
		AAAA0EFD27390E9300DBCA68 /* ChangePhoneNumPutViewController.swift in Sources */ = {isa = PBXBuildFile; fileRef = AAAA0EFC27390E9300DBCA68 /* ChangePhoneNumPutViewController.swift */; };
		AAAA0EFF2739107C00DBCA68 /* ChangePhoneNumAuthCodeViewController.swift in Sources */ = {isa = PBXBuildFile; fileRef = AAAA0EFE2739107C00DBCA68 /* ChangePhoneNumAuthCodeViewController.swift */; };
		AAAA0F1B2739458400DBCA68 /* ErrandListViewController.swift in Sources */ = {isa = PBXBuildFile; fileRef = AAAA0F1A2739458400DBCA68 /* ErrandListViewController.swift */; };
		AAAA0F1D2739458D00DBCA68 /* MyToDoListViewController.swift in Sources */ = {isa = PBXBuildFile; fileRef = AAAA0F1C2739458D00DBCA68 /* MyToDoListViewController.swift */; };
		AAAA0F1F273A0F7D00DBCA68 /* ListTagView.swift in Sources */ = {isa = PBXBuildFile; fileRef = AAAA0F1E273A0F7D00DBCA68 /* ListTagView.swift */; };
		AAD95AE126EC7EC7004E4580 /* NewNicknamePhoneNumViewController.swift in Sources */ = {isa = PBXBuildFile; fileRef = AAD95AE026EC7EC7004E4580 /* NewNicknamePhoneNumViewController.swift */; };
		AAD95AE326EC818B004E4580 /* NewNicknamePutViewController.swift in Sources */ = {isa = PBXBuildFile; fileRef = AAD95AE226EC818B004E4580 /* NewNicknamePutViewController.swift */; };
		EE84DEC02715ABF100121C62 /* CollectionViewModel.swift in Sources */ = {isa = PBXBuildFile; fileRef = EE84DEBF2715ABF100121C62 /* CollectionViewModel.swift */; };
		EE93B4D926876C6F0055D7A6 /* PushNotificationManagementViewController.swift in Sources */ = {isa = PBXBuildFile; fileRef = EE93B4D826876C6F0055D7A6 /* PushNotificationManagementViewController.swift */; };
		EE93B4DB26876F430055D7A6 /* AlarmManagementButton.swift in Sources */ = {isa = PBXBuildFile; fileRef = EE93B4DA26876F430055D7A6 /* AlarmManagementButton.swift */; };
		EE93B4DF268797230055D7A6 /* CustomManagePushNotificationCell.swift in Sources */ = {isa = PBXBuildFile; fileRef = EE93B4DE268797230055D7A6 /* CustomManagePushNotificationCell.swift */; };
		EE93B4E42687BD8A0055D7A6 /* ManageData.swift in Sources */ = {isa = PBXBuildFile; fileRef = EE93B4E32687BD8A0055D7A6 /* ManageData.swift */; };
		EE9582D2272A7B5F00AAEC8A /* LogoutViewController.swift in Sources */ = {isa = PBXBuildFile; fileRef = EE9582D1272A7B5F00AAEC8A /* LogoutViewController.swift */; };
		EE9582D4272A7BEF00AAEC8A /* LogoutCustomBtn.swift in Sources */ = {isa = PBXBuildFile; fileRef = EE9582D3272A7BEF00AAEC8A /* LogoutCustomBtn.swift */; };
		EE963D372734B0DB005070B5 /* BaseModal.swift in Sources */ = {isa = PBXBuildFile; fileRef = EE963D362734B0DB005070B5 /* BaseModal.swift */; };
		EE9F0D2226E8A2AC0015E81B /* ErrandDetailsViewController.swift in Sources */ = {isa = PBXBuildFile; fileRef = EE9F0D1C26E8A2AC0015E81B /* ErrandDetailsViewController.swift */; };
		EE9F0D2326E8A2AC0015E81B /* MoreAlarmModelViewController.swift in Sources */ = {isa = PBXBuildFile; fileRef = EE9F0D1D26E8A2AC0015E81B /* MoreAlarmModelViewController.swift */; };
		EE9F0D2426E8A2AC0015E81B /* MorePeopleToDo.swift in Sources */ = {isa = PBXBuildFile; fileRef = EE9F0D1E26E8A2AC0015E81B /* MorePeopleToDo.swift */; };
		EE9F0D2526E8A2AC0015E81B /* AddMyToDoViewController.swift in Sources */ = {isa = PBXBuildFile; fileRef = EE9F0D1F26E8A2AC0015E81B /* AddMyToDoViewController.swift */; };
		EE9F0D2626E8A2AC0015E81B /* AddErrandViewController.swift in Sources */ = {isa = PBXBuildFile; fileRef = EE9F0D2026E8A2AC0015E81B /* AddErrandViewController.swift */; };
		EE9F0D2726E8A2AC0015E81B /* MoreCalendarModalsViewController.swift in Sources */ = {isa = PBXBuildFile; fileRef = EE9F0D2126E8A2AC0015E81B /* MoreCalendarModalsViewController.swift */; };
		EE9F0D3726E8A9340015E81B /* AddScheduleModalBtn .swift in Sources */ = {isa = PBXBuildFile; fileRef = EE9F0D2926E8A9330015E81B /* AddScheduleModalBtn .swift */; };
		EE9F0D3826E8A9340015E81B /* inputContainerErrandTextView.swift in Sources */ = {isa = PBXBuildFile; fileRef = EE9F0D2A26E8A9330015E81B /* inputContainerErrandTextView.swift */; };
		EE9F0D3A26E8A9340015E81B /* TitleContainerTextFieldView.swift in Sources */ = {isa = PBXBuildFile; fileRef = EE9F0D2C26E8A9330015E81B /* TitleContainerTextFieldView.swift */; };
		EE9F0D3B26E8A9340015E81B /* ExplanationContainerTextView.swift in Sources */ = {isa = PBXBuildFile; fileRef = EE9F0D2D26E8A9330015E81B /* ExplanationContainerTextView.swift */; };
		EE9F0D3C26E8A9340015E81B /* ErrandInputContainterTextField.swift in Sources */ = {isa = PBXBuildFile; fileRef = EE9F0D2E26E8A9330015E81B /* ErrandInputContainterTextField.swift */; };
		EE9F0D3D26E8A9340015E81B /* OneAlertButton.swift in Sources */ = {isa = PBXBuildFile; fileRef = EE9F0D2F26E8A9330015E81B /* OneAlertButton.swift */; };
		EE9F0D3E26E8A9340015E81B /* CustomData.swift in Sources */ = {isa = PBXBuildFile; fileRef = EE9F0D3026E8A9330015E81B /* CustomData.swift */; };
		EE9F0D3F26E8A9340015E81B /* GroupSearchTextfield.swift in Sources */ = {isa = PBXBuildFile; fileRef = EE9F0D3126E8A9330015E81B /* GroupSearchTextfield.swift */; };
		EE9F0D4026E8A9340015E81B /* AlertButton.swift in Sources */ = {isa = PBXBuildFile; fileRef = EE9F0D3226E8A9330015E81B /* AlertButton.swift */; };
		EE9F0D4126E8A9340015E81B /* AdditionalButton.swift in Sources */ = {isa = PBXBuildFile; fileRef = EE9F0D3326E8A9330015E81B /* AdditionalButton.swift */; };
		EE9F0D4226E8A9340015E81B /* AlarmDatePickerView.swift in Sources */ = {isa = PBXBuildFile; fileRef = EE9F0D3426E8A9340015E81B /* AlarmDatePickerView.swift */; };
		EE9F0D4326E8A9340015E81B /* SendUser.swift in Sources */ = {isa = PBXBuildFile; fileRef = EE9F0D3526E8A9340015E81B /* SendUser.swift */; };
		EE9F0D4B26E8A9700015E81B /* ErrandPeopoleChooseAfterCell.swift in Sources */ = {isa = PBXBuildFile; fileRef = EE9F0D4626E8A9700015E81B /* ErrandPeopoleChooseAfterCell.swift */; };
		EE9F0D4C26E8A9700015E81B /* TagCell.swift in Sources */ = {isa = PBXBuildFile; fileRef = EE9F0D4726E8A9700015E81B /* TagCell.swift */; };
		EE9F0D4D26E8A9700015E81B /* DayCollectionViewCell.swift in Sources */ = {isa = PBXBuildFile; fileRef = EE9F0D4826E8A9700015E81B /* DayCollectionViewCell.swift */; };
		EE9F0D4E26E8A9700015E81B /* WhatAboutPeopleLikeThisCell.swift in Sources */ = {isa = PBXBuildFile; fileRef = EE9F0D4926E8A9700015E81B /* WhatAboutPeopleLikeThisCell.swift */; };
		EE9F0D4F26E8A9700015E81B /* AlarmSettingCell.swift in Sources */ = {isa = PBXBuildFile; fileRef = EE9F0D4A26E8A9700015E81B /* AlarmSettingCell.swift */; };
		EE9F0D5126E8AA810015E81B /* Model.swift in Sources */ = {isa = PBXBuildFile; fileRef = EE9F0D5026E8AA810015E81B /* Model.swift */; };
		EE9F0D5326E8AA9E0015E81B /* SearchViewModel.swift in Sources */ = {isa = PBXBuildFile; fileRef = EE9F0D5226E8AA9E0015E81B /* SearchViewModel.swift */; };
		EEA49A132711C7B200265258 /* CalendarAlertBtn.swift in Sources */ = {isa = PBXBuildFile; fileRef = EEA49A122711C7B200265258 /* CalendarAlertBtn.swift */; };
		EEDCAF98268D85F1001E2B4F /* SwitchBtn.swift in Sources */ = {isa = PBXBuildFile; fileRef = EEDCAF97268D85F1001E2B4F /* SwitchBtn.swift */; };
/* End PBXBuildFile section */

/* Begin PBXFileReference section */
		2FC16614E9BCACF88D1AB480 /* Pods-EZY.release.xcconfig */ = {isa = PBXFileReference; includeInIndex = 1; lastKnownFileType = text.xcconfig; name = "Pods-EZY.release.xcconfig"; path = "Target Support Files/Pods-EZY/Pods-EZY.release.xcconfig"; sourceTree = "<group>"; };
		6A097CFC268ED628001E011D /* CalendarView.swift */ = {isa = PBXFileReference; lastKnownFileType = sourcecode.swift; path = CalendarView.swift; sourceTree = "<group>"; };
		6A097D01268ED7B1001E011D /* CalendarView.h */ = {isa = PBXFileReference; lastKnownFileType = sourcecode.c.h; path = CalendarView.h; sourceTree = "<group>"; };
		6A138F80266F862200DBCE49 /* GroupAddCollectionViewCell.swift */ = {isa = PBXFileReference; lastKnownFileType = sourcecode.swift; path = GroupAddCollectionViewCell.swift; sourceTree = "<group>"; };
		6A138F88266FACFE00DBCE49 /* GroupAddModalView.swift */ = {isa = PBXFileReference; lastKnownFileType = sourcecode.swift; path = GroupAddModalView.swift; sourceTree = "<group>"; };
		6A138F8C26703C1900DBCE49 /* selectedMemberCollectionViewCell.swift */ = {isa = PBXFileReference; lastKnownFileType = sourcecode.swift; path = selectedMemberCollectionViewCell.swift; sourceTree = "<group>"; };
		6A15D8A326D485DE00D932EC /* EZY.entitlements */ = {isa = PBXFileReference; lastKnownFileType = text.plist.entitlements; path = EZY.entitlements; sourceTree = "<group>"; };
		6A1E3E8F26797CB600E7B198 /* DeleteModalView.swift */ = {isa = PBXFileReference; lastKnownFileType = sourcecode.swift; path = DeleteModalView.swift; sourceTree = "<group>"; };
		6A3E2E7526B10D760078D749 /* ChangePasswordPhoneNumAfterLoginViewController.swift */ = {isa = PBXFileReference; lastKnownFileType = sourcecode.swift; path = ChangePasswordPhoneNumAfterLoginViewController.swift; sourceTree = "<group>"; };
		6A3E2E7726B111540078D749 /* ChangePasswordAfterLoginViewController.swift */ = {isa = PBXFileReference; lastKnownFileType = sourcecode.swift; path = ChangePasswordAfterLoginViewController.swift; sourceTree = "<group>"; };
		6A3E2E7D26B6A5FB0078D749 /* ViewModel.swift */ = {isa = PBXFileReference; fileEncoding = 4; lastKnownFileType = sourcecode.swift; name = ViewModel.swift; path = EZY/ViewModels/ViewModel.swift; sourceTree = SOURCE_ROOT; };
		6A3E2E7F26B6A60B0078D749 /* ManagementbtnModel.swift */ = {isa = PBXFileReference; fileEncoding = 4; lastKnownFileType = sourcecode.swift; path = ManagementbtnModel.swift; sourceTree = "<group>"; };
		6A3E2E8226B6A84E0078D749 /* Poppins-BlackItalic.ttf */ = {isa = PBXFileReference; lastKnownFileType = file; path = "Poppins-BlackItalic.ttf"; sourceTree = "<group>"; };
		6A3E2E8326B6A84E0078D749 /* Poppins-Regular.ttf */ = {isa = PBXFileReference; lastKnownFileType = file; path = "Poppins-Regular.ttf"; sourceTree = "<group>"; };
		6A3E2E8426B6A84E0078D749 /* Poppins-SemiBold.ttf */ = {isa = PBXFileReference; lastKnownFileType = file; path = "Poppins-SemiBold.ttf"; sourceTree = "<group>"; };
		6A3E2E8526B6A84E0078D749 /* Poppins-LightItalic.ttf */ = {isa = PBXFileReference; lastKnownFileType = file; path = "Poppins-LightItalic.ttf"; sourceTree = "<group>"; };
		6A3E2E8626B6A84E0078D749 /* Poppins-ExtraLight.ttf */ = {isa = PBXFileReference; lastKnownFileType = file; path = "Poppins-ExtraLight.ttf"; sourceTree = "<group>"; };
		6A3E2E8726B6A84E0078D749 /* Poppins-ThinItalic.ttf */ = {isa = PBXFileReference; lastKnownFileType = file; path = "Poppins-ThinItalic.ttf"; sourceTree = "<group>"; };
		6A3E2E8826B6A84E0078D749 /* Poppins-Light.ttf */ = {isa = PBXFileReference; lastKnownFileType = file; path = "Poppins-Light.ttf"; sourceTree = "<group>"; };
		6A3E2E8926B6A84E0078D749 /* Poppins-Medium.ttf */ = {isa = PBXFileReference; lastKnownFileType = file; path = "Poppins-Medium.ttf"; sourceTree = "<group>"; };
		6A3E2E8A26B6A84E0078D749 /* Poppins-ExtraBold.ttf */ = {isa = PBXFileReference; lastKnownFileType = file; path = "Poppins-ExtraBold.ttf"; sourceTree = "<group>"; };
		6A3E2E8B26B6A84E0078D749 /* Poppins-Italic.ttf */ = {isa = PBXFileReference; lastKnownFileType = file; path = "Poppins-Italic.ttf"; sourceTree = "<group>"; };
		6A3E2E8C26B6A84E0078D749 /* Poppins-MediumItalic.ttf */ = {isa = PBXFileReference; lastKnownFileType = file; path = "Poppins-MediumItalic.ttf"; sourceTree = "<group>"; };
		6A3E2E8D26B6A84E0078D749 /* Poppins-ExtraLightItalic.ttf */ = {isa = PBXFileReference; lastKnownFileType = file; path = "Poppins-ExtraLightItalic.ttf"; sourceTree = "<group>"; };
		6A3E2E8E26B6A84E0078D749 /* Poppins-SemiBoldItalic.ttf */ = {isa = PBXFileReference; lastKnownFileType = file; path = "Poppins-SemiBoldItalic.ttf"; sourceTree = "<group>"; };
		6A3E2E8F26B6A84E0078D749 /* Poppins-ExtraBoldItalic.ttf */ = {isa = PBXFileReference; lastKnownFileType = file; path = "Poppins-ExtraBoldItalic.ttf"; sourceTree = "<group>"; };
		6A3E2E9026B6A84F0078D749 /* Poppins-Thin.ttf */ = {isa = PBXFileReference; lastKnownFileType = file; path = "Poppins-Thin.ttf"; sourceTree = "<group>"; };
		6A3E2E9126B6A84F0078D749 /* Poppins-Bold.ttf */ = {isa = PBXFileReference; lastKnownFileType = file; path = "Poppins-Bold.ttf"; sourceTree = "<group>"; };
		6A3E2E9226B6A84F0078D749 /* Poppins-BoldItalic.ttf */ = {isa = PBXFileReference; lastKnownFileType = file; path = "Poppins-BoldItalic.ttf"; sourceTree = "<group>"; };
		6A44474C26677647004C4BC3 /* Assets.xcassets */ = {isa = PBXFileReference; lastKnownFileType = folder.assetcatalog; path = Assets.xcassets; sourceTree = "<group>"; };
		6A47F9D32718F63600AAA6E0 /* CalendarAddModelViewController.swift */ = {isa = PBXFileReference; lastKnownFileType = sourcecode.swift; path = CalendarAddModelViewController.swift; sourceTree = "<group>"; };
		6A4AE85C2678EBEE009E33CD /* GroupModifyDeleteModalView.swift */ = {isa = PBXFileReference; lastKnownFileType = sourcecode.swift; path = GroupModifyDeleteModalView.swift; sourceTree = "<group>"; };
		6A4ED9FF2668653200B809EC /* ScheduleTimeTableViewCell.swift */ = {isa = PBXFileReference; lastKnownFileType = sourcecode.swift; path = ScheduleTimeTableViewCell.swift; sourceTree = "<group>"; };
		6A4EDA2B266A045B00B809EC /* NotificationViewController.swift */ = {isa = PBXFileReference; lastKnownFileType = sourcecode.swift; path = NotificationViewController.swift; sourceTree = "<group>"; };
		6A4EDA2D266A332100B809EC /* NotificationTableViewCell.swift */ = {isa = PBXFileReference; lastKnownFileType = sourcecode.swift; path = NotificationTableViewCell.swift; sourceTree = "<group>"; };
		6A4EDA2F266A336000B809EC /* NotificationTableView.swift */ = {isa = PBXFileReference; lastKnownFileType = sourcecode.swift; path = NotificationTableView.swift; sourceTree = "<group>"; };
		6A4EDA31266BD11600B809EC /* SettingViewController.swift */ = {isa = PBXFileReference; lastKnownFileType = sourcecode.swift; path = SettingViewController.swift; sourceTree = "<group>"; };
		6A4EDA34266BD27800B809EC /* TopView.swift */ = {isa = PBXFileReference; lastKnownFileType = sourcecode.swift; path = TopView.swift; sourceTree = "<group>"; };
		6A4EDA36266DA52A00B809EC /* SettingTableViewCell.swift */ = {isa = PBXFileReference; lastKnownFileType = sourcecode.swift; path = SettingTableViewCell.swift; sourceTree = "<group>"; };
		6A4EDA40266E38E000B809EC /* GroupCollectionViewCell.swift */ = {isa = PBXFileReference; lastKnownFileType = sourcecode.swift; path = GroupCollectionViewCell.swift; sourceTree = "<group>"; };
		6A5C6A232734A24000556849 /* TagAddModalViewController.swift */ = {isa = PBXFileReference; lastKnownFileType = sourcecode.swift; path = TagAddModalViewController.swift; sourceTree = "<group>"; };
		6A685C0C26AC1E2D0079BC30 /* PersonalPlanDetailRepeatDayCollectionViewCell.swift */ = {isa = PBXFileReference; lastKnownFileType = sourcecode.swift; path = PersonalPlanDetailRepeatDayCollectionViewCell.swift; sourceTree = "<group>"; };
		6A6A66DF26D608D40096A14B /* GoogleService-Info.plist */ = {isa = PBXFileReference; fileEncoding = 4; lastKnownFileType = text.plist.xml; path = "GoogleService-Info.plist"; sourceTree = "<group>"; };
		6A705BB5267E3ABF001954CE /* ChangeMyTodoViewController.swift */ = {isa = PBXFileReference; lastKnownFileType = sourcecode.swift; path = ChangeMyTodoViewController.swift; sourceTree = "<group>"; };
		6A72073326C618600098830F /* RecommendedTagCollectionViewCell.swift */ = {isa = PBXFileReference; lastKnownFileType = sourcecode.swift; path = RecommendedTagCollectionViewCell.swift; sourceTree = "<group>"; };
		6A82834F2698132000AC381B /* PlanDeleteModalView.swift */ = {isa = PBXFileReference; lastKnownFileType = sourcecode.swift; path = PlanDeleteModalView.swift; sourceTree = "<group>"; };
		6A82835326982A6C00AC381B /* InquiryViewController.swift */ = {isa = PBXFileReference; lastKnownFileType = sourcecode.swift; path = InquiryViewController.swift; sourceTree = "<group>"; };
		6A82835526982A8B00AC381B /* questionTableViewCell.swift */ = {isa = PBXFileReference; lastKnownFileType = sourcecode.swift; path = questionTableViewCell.swift; sourceTree = "<group>"; };
		6A8283572699742300AC381B /* TagCollectionViewCell.swift */ = {isa = PBXFileReference; lastKnownFileType = sourcecode.swift; path = TagCollectionViewCell.swift; sourceTree = "<group>"; };
		6A82835926997AB500AC381B /* TagCollectionViewModel.swift */ = {isa = PBXFileReference; lastKnownFileType = sourcecode.swift; path = TagCollectionViewModel.swift; sourceTree = "<group>"; };
		6A94934D2670DBC700CC5B37 /* SearchResultsView.swift */ = {isa = PBXFileReference; lastKnownFileType = sourcecode.swift; path = SearchResultsView.swift; sourceTree = "<group>"; };
		6A98A9CB2666F94E00BFAE30 /* ScheduleTypeCollectionViewCell.swift */ = {isa = PBXFileReference; lastKnownFileType = sourcecode.swift; path = ScheduleTypeCollectionViewCell.swift; sourceTree = "<group>"; };
		6A9DF2EA26A7C7B90026F89D /* InquirySendChattingBoxView.swift */ = {isa = PBXFileReference; lastKnownFileType = sourcecode.swift; path = InquirySendChattingBoxView.swift; sourceTree = "<group>"; };
		6AA6F78E269C2E4C00958D36 /* SignUpPasswordViewController.swift */ = {isa = PBXFileReference; fileEncoding = 4; lastKnownFileType = sourcecode.swift; path = SignUpPasswordViewController.swift; sourceTree = "<group>"; };
		6AA6F78F269C2E4C00958D36 /* SignUpNicknameViewController.swift */ = {isa = PBXFileReference; fileEncoding = 4; lastKnownFileType = sourcecode.swift; path = SignUpNicknameViewController.swift; sourceTree = "<group>"; };
		6AA6F790269C2E4C00958D36 /* SignUpPhoneNumViewController.swift */ = {isa = PBXFileReference; fileEncoding = 4; lastKnownFileType = sourcecode.swift; path = SignUpPhoneNumViewController.swift; sourceTree = "<group>"; };
		6AA6F791269C2E4D00958D36 /* SignUpTermsViewController.swift */ = {isa = PBXFileReference; fileEncoding = 4; lastKnownFileType = sourcecode.swift; path = SignUpTermsViewController.swift; sourceTree = "<group>"; };
		6AA6F796269C2E6200958D36 /* NewPasswordPhoneNumViewController.swift */ = {isa = PBXFileReference; fileEncoding = 4; lastKnownFileType = sourcecode.swift; path = NewPasswordPhoneNumViewController.swift; sourceTree = "<group>"; };
		6AA6F797269C2E6200958D36 /* NewPasswordPutViewController.swift */ = {isa = PBXFileReference; fileEncoding = 4; lastKnownFileType = sourcecode.swift; path = NewPasswordPutViewController.swift; sourceTree = "<group>"; };
		6AA769E126636AE700B7E1F5 /* EZY.app */ = {isa = PBXFileReference; explicitFileType = wrapper.application; includeInIndex = 0; path = EZY.app; sourceTree = BUILT_PRODUCTS_DIR; };
		6AA769E426636AE700B7E1F5 /* AppDelegate.swift */ = {isa = PBXFileReference; lastKnownFileType = sourcecode.swift; path = AppDelegate.swift; sourceTree = "<group>"; };
		6AA769E626636AE700B7E1F5 /* SceneDelegate.swift */ = {isa = PBXFileReference; lastKnownFileType = sourcecode.swift; path = SceneDelegate.swift; sourceTree = "<group>"; };
		6AA769EE26636AE700B7E1F5 /* EZY.xcdatamodel */ = {isa = PBXFileReference; lastKnownFileType = wrapper.xcdatamodel; path = EZY.xcdatamodel; sourceTree = "<group>"; };
		6AA769F526636AE800B7E1F5 /* Info.plist */ = {isa = PBXFileReference; lastKnownFileType = text.plist.xml; path = Info.plist; sourceTree = "<group>"; };
		6AA76A0126636D2800B7E1F5 /* LoginViewController.swift */ = {isa = PBXFileReference; lastKnownFileType = sourcecode.swift; path = LoginViewController.swift; sourceTree = "<group>"; };
		6AA76A272663958B00B7E1F5 /* ShowPlanViewController.swift */ = {isa = PBXFileReference; lastKnownFileType = sourcecode.swift; path = ShowPlanViewController.swift; sourceTree = "<group>"; };
		6AA7E784271E648500034327 /* DayModel.swift */ = {isa = PBXFileReference; lastKnownFileType = sourcecode.swift; path = DayModel.swift; sourceTree = "<group>"; };
		6AA7E7862720E64100034327 /* TimeAddModalViewController.swift */ = {isa = PBXFileReference; lastKnownFileType = sourcecode.swift; path = TimeAddModalViewController.swift; sourceTree = "<group>"; };
		6AB27CAB269D758100B95C0F /* ChangeIdAfterLoginViewController.swift */ = {isa = PBXFileReference; lastKnownFileType = sourcecode.swift; path = ChangeIdAfterLoginViewController.swift; sourceTree = "<group>"; };
		6AB27CAF269D8C1600B95C0F /* WithdrawalViewController.swift */ = {isa = PBXFileReference; lastKnownFileType = sourcecode.swift; path = WithdrawalViewController.swift; sourceTree = "<group>"; };
		6AB27CB1269DD1B900B95C0F /* InquiryChattingViewController.swift */ = {isa = PBXFileReference; lastKnownFileType = sourcecode.swift; path = InquiryChattingViewController.swift; sourceTree = "<group>"; };
		6AB27CB3269DD42400B95C0F /* InquiryReceiveChattingBoxView.swift */ = {isa = PBXFileReference; lastKnownFileType = sourcecode.swift; path = InquiryReceiveChattingBoxView.swift; sourceTree = "<group>"; };
		6AB486FE26834D8C00E95D43 /* CalendarCollectionViewCell.swift */ = {isa = PBXFileReference; lastKnownFileType = sourcecode.swift; path = CalendarCollectionViewCell.swift; sourceTree = "<group>"; };
		6AB7D442272FE41A00FAFA19 /* CalendarViewLayout.swift */ = {isa = PBXFileReference; lastKnownFileType = sourcecode.swift; path = CalendarViewLayout.swift; sourceTree = "<group>"; };
		6ABA2C8B26A5366000CB1E16 /* WithdrawalModalView.swift */ = {isa = PBXFileReference; lastKnownFileType = sourcecode.swift; path = WithdrawalModalView.swift; sourceTree = "<group>"; };
		6AC1F4052684093700DDD08C /* TagColorCollectionViewModel.swift */ = {isa = PBXFileReference; lastKnownFileType = sourcecode.swift; path = TagColorCollectionViewModel.swift; sourceTree = "<group>"; };
		6AC3BF17267B475200DDCBB2 /* PlanRequestRespondingViewController.swift */ = {isa = PBXFileReference; lastKnownFileType = sourcecode.swift; path = PlanRequestRespondingViewController.swift; sourceTree = "<group>"; };
		6ACB4ED1269C2FA8008606C5 /* TopBarView.swift */ = {isa = PBXFileReference; fileEncoding = 4; lastKnownFileType = sourcecode.swift; path = TopBarView.swift; sourceTree = "<group>"; };
		6ADE8A2626B7B76E002199E7 /* LocalAuthentication.framework */ = {isa = PBXFileReference; lastKnownFileType = wrapper.framework; name = LocalAuthentication.framework; path = System/Library/Frameworks/LocalAuthentication.framework; sourceTree = SDKROOT; };
		6AE41E7926A9228A0072612C /* TagManagementViewController.swift */ = {isa = PBXFileReference; lastKnownFileType = sourcecode.swift; path = TagManagementViewController.swift; sourceTree = "<group>"; };
		6AE41E7B26A9492C0072612C /* TagTableViewCell.swift */ = {isa = PBXFileReference; lastKnownFileType = sourcecode.swift; path = TagTableViewCell.swift; sourceTree = "<group>"; };
		6AE41E7D26A9560C0072612C /* TagSettingViewController.swift */ = {isa = PBXFileReference; lastKnownFileType = sourcecode.swift; path = TagSettingViewController.swift; sourceTree = "<group>"; };
		6AE41E8126A97C440072612C /* TagDeleteModalView.swift */ = {isa = PBXFileReference; lastKnownFileType = sourcecode.swift; path = TagDeleteModalView.swift; sourceTree = "<group>"; };
		6AE5BAF9269534D300A9731B /* StartTimeTableViewCell.swift */ = {isa = PBXFileReference; lastKnownFileType = sourcecode.swift; path = StartTimeTableViewCell.swift; sourceTree = "<group>"; };
		6AE5BAFB26953E0F00A9731B /* EndTimeTableViewCell.swift */ = {isa = PBXFileReference; lastKnownFileType = sourcecode.swift; path = EndTimeTableViewCell.swift; sourceTree = "<group>"; };
		6AE5BB002695746F00A9731B /* PersonalPlanAddRepeatDayCollectionViewCell.swift */ = {isa = PBXFileReference; lastKnownFileType = sourcecode.swift; path = PersonalPlanAddRepeatDayCollectionViewCell.swift; sourceTree = "<group>"; };
		6AE5BB0226957B0600A9731B /* RepeatCollectionViewModel.swift */ = {isa = PBXFileReference; lastKnownFileType = sourcecode.swift; path = RepeatCollectionViewModel.swift; sourceTree = "<group>"; };
		6AE5BB09269670CB00A9731B /* CustomGradientLoginBtnView.swift */ = {isa = PBXFileReference; fileEncoding = 4; lastKnownFileType = sourcecode.swift; path = CustomGradientLoginBtnView.swift; sourceTree = "<group>"; };
		6AE5BB0A269670CB00A9731B /* CustomGradientContinueBtnView.swift */ = {isa = PBXFileReference; fileEncoding = 4; lastKnownFileType = sourcecode.swift; path = CustomGradientContinueBtnView.swift; sourceTree = "<group>"; };
		6AE5BB0B269670CB00A9731B /* CustomGradientTermsBtnView.swift */ = {isa = PBXFileReference; fileEncoding = 4; lastKnownFileType = sourcecode.swift; path = CustomGradientTermsBtnView.swift; sourceTree = "<group>"; };
		6AE5BB0F2696733F00A9731B /* SelectLocationViewController.swift */ = {isa = PBXFileReference; lastKnownFileType = sourcecode.swift; path = SelectLocationViewController.swift; sourceTree = "<group>"; };
		6AE5BB13269690B200A9731B /* LocationTableViewCell.swift */ = {isa = PBXFileReference; lastKnownFileType = sourcecode.swift; path = LocationTableViewCell.swift; sourceTree = "<group>"; };
		6AE5BB1526969AFD00A9731B /* SelectLocationModalView.swift */ = {isa = PBXFileReference; lastKnownFileType = sourcecode.swift; path = SelectLocationModalView.swift; sourceTree = "<group>"; };
		6AE5BB192696A6CE00A9731B /* Extension.swift */ = {isa = PBXFileReference; fileEncoding = 4; lastKnownFileType = sourcecode.swift; path = Extension.swift; sourceTree = "<group>"; };
		6AE5BB1B2696B9C900A9731B /* PlanCompleteModalView.swift */ = {isa = PBXFileReference; lastKnownFileType = sourcecode.swift; path = PlanCompleteModalView.swift; sourceTree = "<group>"; };
		6AE5BB1D2696DDA600A9731B /* PersonalPlanDetailViewController.swift */ = {isa = PBXFileReference; lastKnownFileType = sourcecode.swift; path = PersonalPlanDetailViewController.swift; sourceTree = "<group>"; };
		6AFB77F8267ECD6700B59482 /* WhiteBackgroundView.swift */ = {isa = PBXFileReference; lastKnownFileType = sourcecode.swift; path = WhiteBackgroundView.swift; sourceTree = "<group>"; };
		6AFB77FD267F343500B59482 /* TagAddModalView.swift */ = {isa = PBXFileReference; lastKnownFileType = sourcecode.swift; path = TagAddModalView.swift; sourceTree = "<group>"; };
		6AFB77FF267F812B00B59482 /* TagColorCollectionViewCell.swift */ = {isa = PBXFileReference; lastKnownFileType = sourcecode.swift; path = TagColorCollectionViewCell.swift; sourceTree = "<group>"; };
		6AFCBE972711D6CE00801159 /* CalendarBtn.swift */ = {isa = PBXFileReference; lastKnownFileType = sourcecode.swift; path = CalendarBtn.swift; sourceTree = "<group>"; };
		AA04F9D42700996800EE0506 /* LoginTextFieldContainerView.swift */ = {isa = PBXFileReference; lastKnownFileType = sourcecode.swift; path = LoginTextFieldContainerView.swift; sourceTree = "<group>"; };
		AA04F9D62701C12600EE0506 /* SignUpTextFieldContainerView.swift */ = {isa = PBXFileReference; lastKnownFileType = sourcecode.swift; path = SignUpTextFieldContainerView.swift; sourceTree = "<group>"; };
		AA4575072736CC790018411C /* AuthCodeTextFieldView.swift */ = {isa = PBXFileReference; lastKnownFileType = sourcecode.swift; name = AuthCodeTextFieldView.swift; path = PickerView/AuthCodeTextFieldView.swift; sourceTree = "<group>"; };
		AA82BCDF2737AB2A000D3F04 /* SignUpAuthCodeViewController.swift */ = {isa = PBXFileReference; lastKnownFileType = sourcecode.swift; path = SignUpAuthCodeViewController.swift; sourceTree = "<group>"; };
		AAAA0EF627389F4000DBCA68 /* NewPasswordAuthCodeViewController.swift */ = {isa = PBXFileReference; lastKnownFileType = sourcecode.swift; path = NewPasswordAuthCodeViewController.swift; sourceTree = "<group>"; };
		AAAA0EF82738A21D00DBCA68 /* NewNicknameAuthCodeViewController.swift */ = {isa = PBXFileReference; lastKnownFileType = sourcecode.swift; path = NewNicknameAuthCodeViewController.swift; sourceTree = "<group>"; };
		AAAA0EFA2738A30800DBCA68 /* ChangePasswordAuthCodeAfterLoginViewController.swift */ = {isa = PBXFileReference; lastKnownFileType = sourcecode.swift; path = ChangePasswordAuthCodeAfterLoginViewController.swift; sourceTree = "<group>"; };
		AAAA0EFC27390E9300DBCA68 /* ChangePhoneNumPutViewController.swift */ = {isa = PBXFileReference; lastKnownFileType = sourcecode.swift; path = ChangePhoneNumPutViewController.swift; sourceTree = "<group>"; };
		AAAA0EFE2739107C00DBCA68 /* ChangePhoneNumAuthCodeViewController.swift */ = {isa = PBXFileReference; lastKnownFileType = sourcecode.swift; path = ChangePhoneNumAuthCodeViewController.swift; sourceTree = "<group>"; };
		AAAA0F1A2739458400DBCA68 /* ErrandListViewController.swift */ = {isa = PBXFileReference; fileEncoding = 4; lastKnownFileType = sourcecode.swift; path = ErrandListViewController.swift; sourceTree = "<group>"; };
		AAAA0F1C2739458D00DBCA68 /* MyToDoListViewController.swift */ = {isa = PBXFileReference; fileEncoding = 4; lastKnownFileType = sourcecode.swift; path = MyToDoListViewController.swift; sourceTree = "<group>"; };
		AAAA0F1E273A0F7D00DBCA68 /* ListTagView.swift */ = {isa = PBXFileReference; lastKnownFileType = sourcecode.swift; path = ListTagView.swift; sourceTree = "<group>"; };
		AAD95AE026EC7EC7004E4580 /* NewNicknamePhoneNumViewController.swift */ = {isa = PBXFileReference; lastKnownFileType = sourcecode.swift; path = NewNicknamePhoneNumViewController.swift; sourceTree = "<group>"; };
		AAD95AE226EC818B004E4580 /* NewNicknamePutViewController.swift */ = {isa = PBXFileReference; lastKnownFileType = sourcecode.swift; path = NewNicknamePutViewController.swift; sourceTree = "<group>"; };
		C37AD74ACD84F363045FF654 /* Pods_EZY.framework */ = {isa = PBXFileReference; explicitFileType = wrapper.framework; includeInIndex = 0; path = Pods_EZY.framework; sourceTree = BUILT_PRODUCTS_DIR; };
		EE84DEBF2715ABF100121C62 /* CollectionViewModel.swift */ = {isa = PBXFileReference; lastKnownFileType = sourcecode.swift; path = CollectionViewModel.swift; sourceTree = "<group>"; };
		EE93B4D826876C6F0055D7A6 /* PushNotificationManagementViewController.swift */ = {isa = PBXFileReference; lastKnownFileType = sourcecode.swift; path = PushNotificationManagementViewController.swift; sourceTree = "<group>"; };
		EE93B4DA26876F430055D7A6 /* AlarmManagementButton.swift */ = {isa = PBXFileReference; lastKnownFileType = sourcecode.swift; path = AlarmManagementButton.swift; sourceTree = "<group>"; };
		EE93B4DE268797230055D7A6 /* CustomManagePushNotificationCell.swift */ = {isa = PBXFileReference; lastKnownFileType = sourcecode.swift; path = CustomManagePushNotificationCell.swift; sourceTree = "<group>"; };
		EE93B4E32687BD8A0055D7A6 /* ManageData.swift */ = {isa = PBXFileReference; lastKnownFileType = sourcecode.swift; path = ManageData.swift; sourceTree = "<group>"; };
		EE9582D1272A7B5F00AAEC8A /* LogoutViewController.swift */ = {isa = PBXFileReference; lastKnownFileType = sourcecode.swift; path = LogoutViewController.swift; sourceTree = "<group>"; };
		EE9582D3272A7BEF00AAEC8A /* LogoutCustomBtn.swift */ = {isa = PBXFileReference; lastKnownFileType = sourcecode.swift; path = LogoutCustomBtn.swift; sourceTree = "<group>"; };
		EE963D362734B0DB005070B5 /* BaseModal.swift */ = {isa = PBXFileReference; lastKnownFileType = sourcecode.swift; path = BaseModal.swift; sourceTree = "<group>"; };
		EE9F0D1C26E8A2AC0015E81B /* ErrandDetailsViewController.swift */ = {isa = PBXFileReference; fileEncoding = 4; lastKnownFileType = sourcecode.swift; path = ErrandDetailsViewController.swift; sourceTree = "<group>"; };
		EE9F0D1D26E8A2AC0015E81B /* MoreAlarmModelViewController.swift */ = {isa = PBXFileReference; fileEncoding = 4; lastKnownFileType = sourcecode.swift; path = MoreAlarmModelViewController.swift; sourceTree = "<group>"; };
		EE9F0D1E26E8A2AC0015E81B /* MorePeopleToDo.swift */ = {isa = PBXFileReference; fileEncoding = 4; lastKnownFileType = sourcecode.swift; path = MorePeopleToDo.swift; sourceTree = "<group>"; };
		EE9F0D1F26E8A2AC0015E81B /* AddMyToDoViewController.swift */ = {isa = PBXFileReference; fileEncoding = 4; lastKnownFileType = sourcecode.swift; path = AddMyToDoViewController.swift; sourceTree = "<group>"; };
		EE9F0D2026E8A2AC0015E81B /* AddErrandViewController.swift */ = {isa = PBXFileReference; fileEncoding = 4; lastKnownFileType = sourcecode.swift; path = AddErrandViewController.swift; sourceTree = "<group>"; };
		EE9F0D2126E8A2AC0015E81B /* MoreCalendarModalsViewController.swift */ = {isa = PBXFileReference; fileEncoding = 4; lastKnownFileType = sourcecode.swift; path = MoreCalendarModalsViewController.swift; sourceTree = "<group>"; };
		EE9F0D2926E8A9330015E81B /* AddScheduleModalBtn .swift */ = {isa = PBXFileReference; fileEncoding = 4; lastKnownFileType = sourcecode.swift; path = "AddScheduleModalBtn .swift"; sourceTree = "<group>"; };
		EE9F0D2A26E8A9330015E81B /* inputContainerErrandTextView.swift */ = {isa = PBXFileReference; fileEncoding = 4; lastKnownFileType = sourcecode.swift; path = inputContainerErrandTextView.swift; sourceTree = "<group>"; };
		EE9F0D2C26E8A9330015E81B /* TitleContainerTextFieldView.swift */ = {isa = PBXFileReference; fileEncoding = 4; lastKnownFileType = sourcecode.swift; path = TitleContainerTextFieldView.swift; sourceTree = "<group>"; };
		EE9F0D2D26E8A9330015E81B /* ExplanationContainerTextView.swift */ = {isa = PBXFileReference; fileEncoding = 4; lastKnownFileType = sourcecode.swift; path = ExplanationContainerTextView.swift; sourceTree = "<group>"; };
		EE9F0D2E26E8A9330015E81B /* ErrandInputContainterTextField.swift */ = {isa = PBXFileReference; fileEncoding = 4; lastKnownFileType = sourcecode.swift; path = ErrandInputContainterTextField.swift; sourceTree = "<group>"; };
		EE9F0D2F26E8A9330015E81B /* OneAlertButton.swift */ = {isa = PBXFileReference; fileEncoding = 4; lastKnownFileType = sourcecode.swift; path = OneAlertButton.swift; sourceTree = "<group>"; };
		EE9F0D3026E8A9330015E81B /* CustomData.swift */ = {isa = PBXFileReference; fileEncoding = 4; lastKnownFileType = sourcecode.swift; path = CustomData.swift; sourceTree = "<group>"; };
		EE9F0D3126E8A9330015E81B /* GroupSearchTextfield.swift */ = {isa = PBXFileReference; fileEncoding = 4; lastKnownFileType = sourcecode.swift; path = GroupSearchTextfield.swift; sourceTree = "<group>"; };
		EE9F0D3226E8A9330015E81B /* AlertButton.swift */ = {isa = PBXFileReference; fileEncoding = 4; lastKnownFileType = sourcecode.swift; path = AlertButton.swift; sourceTree = "<group>"; };
		EE9F0D3326E8A9330015E81B /* AdditionalButton.swift */ = {isa = PBXFileReference; fileEncoding = 4; lastKnownFileType = sourcecode.swift; path = AdditionalButton.swift; sourceTree = "<group>"; };
		EE9F0D3426E8A9340015E81B /* AlarmDatePickerView.swift */ = {isa = PBXFileReference; fileEncoding = 4; lastKnownFileType = sourcecode.swift; path = AlarmDatePickerView.swift; sourceTree = "<group>"; };
		EE9F0D3526E8A9340015E81B /* SendUser.swift */ = {isa = PBXFileReference; fileEncoding = 4; lastKnownFileType = sourcecode.swift; path = SendUser.swift; sourceTree = "<group>"; };
		EE9F0D4626E8A9700015E81B /* ErrandPeopoleChooseAfterCell.swift */ = {isa = PBXFileReference; fileEncoding = 4; lastKnownFileType = sourcecode.swift; path = ErrandPeopoleChooseAfterCell.swift; sourceTree = "<group>"; };
		EE9F0D4726E8A9700015E81B /* TagCell.swift */ = {isa = PBXFileReference; fileEncoding = 4; lastKnownFileType = sourcecode.swift; path = TagCell.swift; sourceTree = "<group>"; };
		EE9F0D4826E8A9700015E81B /* DayCollectionViewCell.swift */ = {isa = PBXFileReference; fileEncoding = 4; lastKnownFileType = sourcecode.swift; path = DayCollectionViewCell.swift; sourceTree = "<group>"; };
		EE9F0D4926E8A9700015E81B /* WhatAboutPeopleLikeThisCell.swift */ = {isa = PBXFileReference; fileEncoding = 4; lastKnownFileType = sourcecode.swift; path = WhatAboutPeopleLikeThisCell.swift; sourceTree = "<group>"; };
		EE9F0D4A26E8A9700015E81B /* AlarmSettingCell.swift */ = {isa = PBXFileReference; fileEncoding = 4; lastKnownFileType = sourcecode.swift; path = AlarmSettingCell.swift; sourceTree = "<group>"; };
		EE9F0D5026E8AA810015E81B /* Model.swift */ = {isa = PBXFileReference; fileEncoding = 4; lastKnownFileType = sourcecode.swift; path = Model.swift; sourceTree = "<group>"; };
		EE9F0D5226E8AA9E0015E81B /* SearchViewModel.swift */ = {isa = PBXFileReference; fileEncoding = 4; lastKnownFileType = sourcecode.swift; path = SearchViewModel.swift; sourceTree = "<group>"; };
		EEA49A122711C7B200265258 /* CalendarAlertBtn.swift */ = {isa = PBXFileReference; lastKnownFileType = sourcecode.swift; path = CalendarAlertBtn.swift; sourceTree = "<group>"; };
		EEDCAF97268D85F1001E2B4F /* SwitchBtn.swift */ = {isa = PBXFileReference; lastKnownFileType = sourcecode.swift; path = SwitchBtn.swift; sourceTree = "<group>"; };
		EEE1E95626AAB71A0082B696 /* LaunchScreen.storyboard */ = {isa = PBXFileReference; fileEncoding = 4; lastKnownFileType = file.storyboard; path = LaunchScreen.storyboard; sourceTree = "<group>"; };
		EEE1E95826AAB72E0082B696 /* LaunchScreen.storyboard */ = {isa = PBXFileReference; fileEncoding = 4; lastKnownFileType = file.storyboard; path = LaunchScreen.storyboard; sourceTree = "<group>"; };
		F4A8BD50658C41664783D861 /* Pods-EZY.debug.xcconfig */ = {isa = PBXFileReference; includeInIndex = 1; lastKnownFileType = text.xcconfig; name = "Pods-EZY.debug.xcconfig"; path = "Target Support Files/Pods-EZY/Pods-EZY.debug.xcconfig"; sourceTree = "<group>"; };
/* End PBXFileReference section */

/* Begin PBXFrameworksBuildPhase section */
		6AA769DE26636AE700B7E1F5 /* Frameworks */ = {
			isa = PBXFrameworksBuildPhase;
			buildActionMask = 2147483647;
			files = (
				6ADE8A2726B7B76E002199E7 /* LocalAuthentication.framework in Frameworks */,
				08B81D198F46995E749BD8A0 /* Pods_EZY.framework in Frameworks */,
			);
			runOnlyForDeploymentPostprocessing = 0;
		};
/* End PBXFrameworksBuildPhase section */

/* Begin PBXGroup section */
		2B62A8E180A8585A5EDF7361 /* Frameworks */ = {
			isa = PBXGroup;
			children = (
				6ADE8A2626B7B76E002199E7 /* LocalAuthentication.framework */,
				C37AD74ACD84F363045FF654 /* Pods_EZY.framework */,
			);
			name = Frameworks;
			sourceTree = "<group>";
		};
		6A097D00268ED792001E011D /* Header */ = {
			isa = PBXGroup;
			children = (
				6A097D01268ED7B1001E011D /* CalendarView.h */,
			);
			path = Header;
			sourceTree = "<group>";
		};
		6A9B7547269E82D800703ADF /* Resources */ = {
			isa = PBXGroup;
			children = (
				6A6A66DF26D608D40096A14B /* GoogleService-Info.plist */,
				EEE1E95626AAB71A0082B696 /* LaunchScreen.storyboard */,
				6AA769E426636AE700B7E1F5 /* AppDelegate.swift */,
				6AA769E626636AE700B7E1F5 /* SceneDelegate.swift */,
			);
			path = Resources;
			sourceTree = "<group>";
		};
		6AA769D826636AE700B7E1F5 = {
			isa = PBXGroup;
			children = (
				6AA769E326636AE700B7E1F5 /* EZY */,
				6AA769E226636AE700B7E1F5 /* Products */,
				D97C84BDB41C12F061081FBC /* Pods */,
				2B62A8E180A8585A5EDF7361 /* Frameworks */,
			);
			sourceTree = "<group>";
		};
		6AA769E226636AE700B7E1F5 /* Products */ = {
			isa = PBXGroup;
			children = (
				6AA769E126636AE700B7E1F5 /* EZY.app */,
			);
			name = Products;
			sourceTree = "<group>";
		};
		6AA769E326636AE700B7E1F5 /* EZY */ = {
			isa = PBXGroup;
			children = (
				6A15D8A326D485DE00D932EC /* EZY.entitlements */,
				6AE5BB0426966DCA00A9731B /* Utils */,
				6A097D00268ED792001E011D /* Header */,
				6AA76A0026636C7B00B7E1F5 /* Font */,
				6AA769FF26636C7600B7E1F5 /* Controllers */,
				6AA769FE26636C7000B7E1F5 /* Models */,
				6AA769FD26636C6B00B7E1F5 /* Views */,
				6AA769FC26636C6500B7E1F5 /* ViewModels */,
				6AA769FB26636C5700B7E1F5 /* Services */,
				6A9B7547269E82D800703ADF /* Resources */,
				6A44474C26677647004C4BC3 /* Assets.xcassets */,
				6AA769F526636AE800B7E1F5 /* Info.plist */,
				EEE1E95826AAB72E0082B696 /* LaunchScreen.storyboard */,
				6AA769ED26636AE700B7E1F5 /* EZY.xcdatamodeld */,
			);
			path = EZY;
			sourceTree = "<group>";
		};
		6AA769FB26636C5700B7E1F5 /* Services */ = {
			isa = PBXGroup;
			children = (
			);
			path = Services;
			sourceTree = "<group>";
		};
		6AA769FC26636C6500B7E1F5 /* ViewModels */ = {
			isa = PBXGroup;
			children = (
				EE9F0D5226E8AA9E0015E81B /* SearchViewModel.swift */,
				6A3E2E7D26B6A5FB0078D749 /* ViewModel.swift */,
			);
			path = ViewModels;
			sourceTree = "<group>";
		};
		6AA769FD26636C6B00B7E1F5 /* Views */ = {
			isa = PBXGroup;
			children = (
				6AB7D43C272FE25700FAFA19 /* View */,
				6AB7D43B272FE24A00FAFA19 /* Alert */,
				6AB7D43A272FE24200FAFA19 /* Button */,
				6AE5BAFF26954B9900A9731B /* CollectionViewCells */,
				6AE5BAFE26954B6A00A9731B /* TableViewCells */,
			);
			path = Views;
			sourceTree = "<group>";
		};
		6AA769FE26636C7000B7E1F5 /* Models */ = {
			isa = PBXGroup;
			children = (
				EE9F0D5026E8AA810015E81B /* Model.swift */,
				EE93B4E32687BD8A0055D7A6 /* ManageData.swift */,
				6AC1F4052684093700DDD08C /* TagColorCollectionViewModel.swift */,
				6AE5BB0226957B0600A9731B /* RepeatCollectionViewModel.swift */,
				6A82835926997AB500AC381B /* TagCollectionViewModel.swift */,
				6A3E2E7F26B6A60B0078D749 /* ManagementbtnModel.swift */,
				EE84DEBF2715ABF100121C62 /* CollectionViewModel.swift */,
				6AA7E784271E648500034327 /* DayModel.swift */,
			);
			path = Models;
			sourceTree = "<group>";
		};
		6AA769FF26636C7600B7E1F5 /* Controllers */ = {
			isa = PBXGroup;
			children = (
				6AB7D42A272FDE4900FAFA19 /* SignUp */,
				6AB7D42B272FDE5C00FAFA19 /* LogIn */,
				6AB7D42C272FDE6C00FAFA19 /* UserInfoChange */,
				6AB7D431272FDF6E00FAFA19 /* Features */,
				6AB7D439272FE1E400FAFA19 /* Modal */,
			);
			path = Controllers;
			sourceTree = "<group>";
		};
		6AA76A0026636C7B00B7E1F5 /* Font */ = {
			isa = PBXGroup;
			children = (
				6A3E2E8226B6A84E0078D749 /* Poppins-BlackItalic.ttf */,
				6A3E2E9126B6A84F0078D749 /* Poppins-Bold.ttf */,
				6A3E2E9226B6A84F0078D749 /* Poppins-BoldItalic.ttf */,
				6A3E2E8A26B6A84E0078D749 /* Poppins-ExtraBold.ttf */,
				6A3E2E8F26B6A84E0078D749 /* Poppins-ExtraBoldItalic.ttf */,
				6A3E2E8626B6A84E0078D749 /* Poppins-ExtraLight.ttf */,
				6A3E2E8D26B6A84E0078D749 /* Poppins-ExtraLightItalic.ttf */,
				6A3E2E8B26B6A84E0078D749 /* Poppins-Italic.ttf */,
				6A3E2E8826B6A84E0078D749 /* Poppins-Light.ttf */,
				6A3E2E8526B6A84E0078D749 /* Poppins-LightItalic.ttf */,
				6A3E2E8926B6A84E0078D749 /* Poppins-Medium.ttf */,
				6A3E2E8C26B6A84E0078D749 /* Poppins-MediumItalic.ttf */,
				6A3E2E8326B6A84E0078D749 /* Poppins-Regular.ttf */,
				6A3E2E8426B6A84E0078D749 /* Poppins-SemiBold.ttf */,
				6A3E2E8E26B6A84E0078D749 /* Poppins-SemiBoldItalic.ttf */,
				6A3E2E9026B6A84F0078D749 /* Poppins-Thin.ttf */,
				6A3E2E8726B6A84E0078D749 /* Poppins-ThinItalic.ttf */,
			);
			path = Font;
			sourceTree = "<group>";
		};
		6AB7D42A272FDE4900FAFA19 /* SignUp */ = {
			isa = PBXGroup;
			children = (
				6AA6F78F269C2E4C00958D36 /* SignUpNicknameViewController.swift */,
				6AA6F78E269C2E4C00958D36 /* SignUpPasswordViewController.swift */,
				6AA6F790269C2E4C00958D36 /* SignUpPhoneNumViewController.swift */,
				AA82BCDF2737AB2A000D3F04 /* SignUpAuthCodeViewController.swift */,
				6AA6F791269C2E4D00958D36 /* SignUpTermsViewController.swift */,
			);
			path = SignUp;
			sourceTree = "<group>";
		};
		6AB7D42B272FDE5C00FAFA19 /* LogIn */ = {
			isa = PBXGroup;
			children = (
				6AA76A0126636D2800B7E1F5 /* LoginViewController.swift */,
			);
			path = LogIn;
			sourceTree = "<group>";
		};
		6AB7D42C272FDE6C00FAFA19 /* UserInfoChange */ = {
			isa = PBXGroup;
			children = (
				6AB7D42E272FDE7D00FAFA19 /* AfterLogin */,
				6AB7D42D272FDE7600FAFA19 /* BeforeLogin */,
			);
			path = UserInfoChange;
			sourceTree = "<group>";
		};
		6AB7D42D272FDE7600FAFA19 /* BeforeLogin */ = {
			isa = PBXGroup;
			children = (
				6AA6F796269C2E6200958D36 /* NewPasswordPhoneNumViewController.swift */,
				AAAA0EF627389F4000DBCA68 /* NewPasswordAuthCodeViewController.swift */,
				6AA6F797269C2E6200958D36 /* NewPasswordPutViewController.swift */,
				AAD95AE026EC7EC7004E4580 /* NewNicknamePhoneNumViewController.swift */,
				AAAA0EF82738A21D00DBCA68 /* NewNicknameAuthCodeViewController.swift */,
				AAD95AE226EC818B004E4580 /* NewNicknamePutViewController.swift */,
			);
			path = BeforeLogin;
			sourceTree = "<group>";
		};
		6AB7D42E272FDE7D00FAFA19 /* AfterLogin */ = {
			isa = PBXGroup;
			children = (
				6A3E2E7526B10D760078D749 /* ChangePasswordPhoneNumAfterLoginViewController.swift */,
				AAAA0EFA2738A30800DBCA68 /* ChangePasswordAuthCodeAfterLoginViewController.swift */,
				6A3E2E7726B111540078D749 /* ChangePasswordAfterLoginViewController.swift */,
				6AB27CAB269D758100B95C0F /* ChangeIdAfterLoginViewController.swift */,
				AAAA0EFC27390E9300DBCA68 /* ChangePhoneNumPutViewController.swift */,
				AAAA0EFE2739107C00DBCA68 /* ChangePhoneNumAuthCodeViewController.swift */,
			);
			path = AfterLogin;
			sourceTree = "<group>";
		};
		6AB7D42F272FDF4900FAFA19 /* Main */ = {
			isa = PBXGroup;
			children = (
				6AA76A272663958B00B7E1F5 /* ShowPlanViewController.swift */,
			);
			path = Main;
			sourceTree = "<group>";
		};
		6AB7D430272FDF5D00FAFA19 /* Setting */ = {
			isa = PBXGroup;
			children = (
				6A4EDA31266BD11600B809EC /* SettingViewController.swift */,
				6AB7D436272FE0E500FAFA19 /* SettingFeatures */,
			);
			path = Setting;
			sourceTree = "<group>";
		};
		6AB7D431272FDF6E00FAFA19 /* Features */ = {
			isa = PBXGroup;
			children = (
				6AB7D437272FE11600FAFA19 /* Location */,
				6AB7D435272FE08700FAFA19 /* Errand */,
				6AB7D434272FE08000FAFA19 /* MyToDo */,
				6AB7D433272FE03400FAFA19 /* PushNotification */,
				6AB7D432272FE00900FAFA19 /* Inquiry */,
				6AB7D42F272FDF4900FAFA19 /* Main */,
				6AB7D430272FDF5D00FAFA19 /* Setting */,
			);
			path = Features;
			sourceTree = "<group>";
		};
		6AB7D432272FE00900FAFA19 /* Inquiry */ = {
			isa = PBXGroup;
			children = (
				6A82835326982A6C00AC381B /* InquiryViewController.swift */,
				6AB27CB1269DD1B900B95C0F /* InquiryChattingViewController.swift */,
			);
			path = Inquiry;
			sourceTree = "<group>";
		};
		6AB7D433272FE03400FAFA19 /* PushNotification */ = {
			isa = PBXGroup;
			children = (
				6A4EDA2B266A045B00B809EC /* NotificationViewController.swift */,
			);
			path = PushNotification;
			sourceTree = "<group>";
		};
		6AB7D434272FE08000FAFA19 /* MyToDo */ = {
			isa = PBXGroup;
			children = (
				AAAA0F1C2739458D00DBCA68 /* MyToDoListViewController.swift */,
				EE9F0D1F26E8A2AC0015E81B /* AddMyToDoViewController.swift */,
				6AE5BB1D2696DDA600A9731B /* PersonalPlanDetailViewController.swift */,
				6A705BB5267E3ABF001954CE /* ChangeMyTodoViewController.swift */,
			);
			path = MyToDo;
			sourceTree = "<group>";
		};
		6AB7D435272FE08700FAFA19 /* Errand */ = {
			isa = PBXGroup;
			children = (
				AAAA0F1A2739458400DBCA68 /* ErrandListViewController.swift */,
				EE9F0D1E26E8A2AC0015E81B /* MorePeopleToDo.swift */,
				EE9F0D1C26E8A2AC0015E81B /* ErrandDetailsViewController.swift */,
				EE9F0D2026E8A2AC0015E81B /* AddErrandViewController.swift */,
				6AC3BF17267B475200DDCBB2 /* PlanRequestRespondingViewController.swift */,
			);
			path = Errand;
			sourceTree = "<group>";
		};
		6AB7D436272FE0E500FAFA19 /* SettingFeatures */ = {
			isa = PBXGroup;
			children = (
				6AB27CAF269D8C1600B95C0F /* WithdrawalViewController.swift */,
				6AE41E7926A9228A0072612C /* TagManagementViewController.swift */,
				6AE41E7D26A9560C0072612C /* TagSettingViewController.swift */,
				EE9582D1272A7B5F00AAEC8A /* LogoutViewController.swift */,
				EE93B4D826876C6F0055D7A6 /* PushNotificationManagementViewController.swift */,
				6A5C6A232734A24000556849 /* TagAddModalViewController.swift */,
			);
			path = SettingFeatures;
			sourceTree = "<group>";
		};
		6AB7D437272FE11600FAFA19 /* Location */ = {
			isa = PBXGroup;
			children = (
				6AE5BB0F2696733F00A9731B /* SelectLocationViewController.swift */,
			);
			path = Location;
			sourceTree = "<group>";
		};
		6AB7D439272FE1E400FAFA19 /* Modal */ = {
			isa = PBXGroup;
			children = (
				6A47F9D32718F63600AAA6E0 /* CalendarAddModelViewController.swift */,
				EE9F0D1D26E8A2AC0015E81B /* MoreAlarmModelViewController.swift */,
				EE9F0D2126E8A2AC0015E81B /* MoreCalendarModalsViewController.swift */,
				6AA7E7862720E64100034327 /* TimeAddModalViewController.swift */,
				EE963D352734B0CE005070B5 /* BaseModal */,
			);
			path = Modal;
			sourceTree = "<group>";
		};
		6AB7D43A272FE24200FAFA19 /* Button */ = {
			isa = PBXGroup;
			children = (
				EE9F0D3226E8A9330015E81B /* AlertButton.swift */,
				EE9F0D3326E8A9330015E81B /* AdditionalButton.swift */,
				EE9F0D2926E8A9330015E81B /* AddScheduleModalBtn .swift */,
				EE93B4DA26876F430055D7A6 /* AlarmManagementButton.swift */,
				EEA49A122711C7B200265258 /* CalendarAlertBtn.swift */,
				6AE5BB0A269670CB00A9731B /* CustomGradientContinueBtnView.swift */,
				6AE5BB09269670CB00A9731B /* CustomGradientLoginBtnView.swift */,
				6AE5BB0B269670CB00A9731B /* CustomGradientTermsBtnView.swift */,
				EE9F0D2F26E8A9330015E81B /* OneAlertButton.swift */,
				EEDCAF97268D85F1001E2B4F /* SwitchBtn.swift */,
				6AFCBE972711D6CE00801159 /* CalendarBtn.swift */,
				EE9582D3272A7BEF00AAEC8A /* LogoutCustomBtn.swift */,
			);
			path = Button;
			sourceTree = "<group>";
		};
		6AB7D43B272FE24A00FAFA19 /* Alert */ = {
			isa = PBXGroup;
			children = (
				6AE5BB1526969AFD00A9731B /* SelectLocationModalView.swift */,
				6AE5BB1B2696B9C900A9731B /* PlanCompleteModalView.swift */,
				6A82834F2698132000AC381B /* PlanDeleteModalView.swift */,
				6AFB77FD267F343500B59482 /* TagAddModalView.swift */,
				6AE41E8126A97C440072612C /* TagDeleteModalView.swift */,
				6ABA2C8B26A5366000CB1E16 /* WithdrawalModalView.swift */,
			);
			path = Alert;
			sourceTree = "<group>";
		};
		6AB7D43C272FE25700FAFA19 /* View */ = {
			isa = PBXGroup;
			children = (
				6AB7D442272FE41A00FAFA19 /* CalendarViewLayout.swift */,
				6ACB4ED1269C2FA8008606C5 /* TopBarView.swift */,
				EE9F0D2A26E8A9330015E81B /* inputContainerErrandTextView.swift */,
				AA04F9D42700996800EE0506 /* LoginTextFieldContainerView.swift */,
				6A4EDA34266BD27800B809EC /* TopView.swift */,
				EE9F0D3526E8A9340015E81B /* SendUser.swift */,
				6A138F88266FACFE00DBCE49 /* GroupAddModalView.swift */,
				6A94934D2670DBC700CC5B37 /* SearchResultsView.swift */,
				6A4AE85C2678EBEE009E33CD /* GroupModifyDeleteModalView.swift */,
				6A4EDA2F266A336000B809EC /* NotificationTableView.swift */,
				6A1E3E8F26797CB600E7B198 /* DeleteModalView.swift */,
				AA04F9D62701C12600EE0506 /* SignUpTextFieldContainerView.swift */,
				6AFB77F8267ECD6700B59482 /* WhiteBackgroundView.swift */,
				6AB27CB3269DD42400B95C0F /* InquiryReceiveChattingBoxView.swift */,
				6A097CFC268ED628001E011D /* CalendarView.swift */,
				EE9F0D2D26E8A9330015E81B /* ExplanationContainerTextView.swift */,
				6A9DF2EA26A7C7B90026F89D /* InquirySendChattingBoxView.swift */,
				EE9F0D2C26E8A9330015E81B /* TitleContainerTextFieldView.swift */,
				EE9F0D3026E8A9330015E81B /* CustomData.swift */,
				AA4575072736CC790018411C /* AuthCodeTextFieldView.swift */,
				AAAA0F1E273A0F7D00DBCA68 /* ListTagView.swift */,
				6AB7D43F272FE2FE00FAFA19 /* TextField */,
				6AB7D43E272FE2D800FAFA19 /* TableView */,
				6AB7D43D272FE28900FAFA19 /* PickerView */,
			);
			path = View;
			sourceTree = "<group>";
		};
		6AB7D43D272FE28900FAFA19 /* PickerView */ = {
			isa = PBXGroup;
			children = (
				EE9F0D3426E8A9340015E81B /* AlarmDatePickerView.swift */,
			);
			path = PickerView;
			sourceTree = "<group>";
		};
		6AB7D43E272FE2D800FAFA19 /* TableView */ = {
			isa = PBXGroup;
			children = (
			);
			path = TableView;
			sourceTree = "<group>";
		};
		6AB7D43F272FE2FE00FAFA19 /* TextField */ = {
			isa = PBXGroup;
			children = (
				EE9F0D3126E8A9330015E81B /* GroupSearchTextfield.swift */,
				EE9F0D2E26E8A9330015E81B /* ErrandInputContainterTextField.swift */,
			);
			path = TextField;
			sourceTree = "<group>";
		};
		6AE5BAFE26954B6A00A9731B /* TableViewCells */ = {
			isa = PBXGroup;
			children = (
				EE93B4DE268797230055D7A6 /* CustomManagePushNotificationCell.swift */,
				6A4EDA36266DA52A00B809EC /* SettingTableViewCell.swift */,
				6A4ED9FF2668653200B809EC /* ScheduleTimeTableViewCell.swift */,
				6A4EDA2D266A332100B809EC /* NotificationTableViewCell.swift */,
				6AE5BAF9269534D300A9731B /* StartTimeTableViewCell.swift */,
				6AE5BAFB26953E0F00A9731B /* EndTimeTableViewCell.swift */,
				6AE5BB13269690B200A9731B /* LocationTableViewCell.swift */,
				6A82835526982A8B00AC381B /* questionTableViewCell.swift */,
				6AE41E7B26A9492C0072612C /* TagTableViewCell.swift */,
			);
			path = TableViewCells;
			sourceTree = "<group>";
		};
		6AE5BAFF26954B9900A9731B /* CollectionViewCells */ = {
			isa = PBXGroup;
			children = (
				6A138F80266F862200DBCE49 /* GroupAddCollectionViewCell.swift */,
				EE9F0D4A26E8A9700015E81B /* AlarmSettingCell.swift */,
				EE9F0D4626E8A9700015E81B /* ErrandPeopoleChooseAfterCell.swift */,
				EE9F0D4726E8A9700015E81B /* TagCell.swift */,
				EE9F0D4926E8A9700015E81B /* WhatAboutPeopleLikeThisCell.swift */,
				EE9F0D4826E8A9700015E81B /* DayCollectionViewCell.swift */,
				6A8283572699742300AC381B /* TagCollectionViewCell.swift */,
				6A98A9CB2666F94E00BFAE30 /* ScheduleTypeCollectionViewCell.swift */,
				6A4EDA40266E38E000B809EC /* GroupCollectionViewCell.swift */,
				6A138F8C26703C1900DBCE49 /* selectedMemberCollectionViewCell.swift */,
				6AFB77FF267F812B00B59482 /* TagColorCollectionViewCell.swift */,
				6AB486FE26834D8C00E95D43 /* CalendarCollectionViewCell.swift */,
				6AE5BB002695746F00A9731B /* PersonalPlanAddRepeatDayCollectionViewCell.swift */,
				6A685C0C26AC1E2D0079BC30 /* PersonalPlanDetailRepeatDayCollectionViewCell.swift */,
				6A72073326C618600098830F /* RecommendedTagCollectionViewCell.swift */,
			);
			path = CollectionViewCells;
			sourceTree = "<group>";
		};
		6AE5BB0426966DCA00A9731B /* Utils */ = {
			isa = PBXGroup;
			children = (
				6AE5BB192696A6CE00A9731B /* Extension.swift */,
			);
			path = Utils;
			sourceTree = "<group>";
		};
		D97C84BDB41C12F061081FBC /* Pods */ = {
			isa = PBXGroup;
			children = (
				F4A8BD50658C41664783D861 /* Pods-EZY.debug.xcconfig */,
				2FC16614E9BCACF88D1AB480 /* Pods-EZY.release.xcconfig */,
			);
			path = Pods;
			sourceTree = "<group>";
		};
		EE963D352734B0CE005070B5 /* BaseModal */ = {
			isa = PBXGroup;
			children = (
				EE963D362734B0DB005070B5 /* BaseModal.swift */,
			);
			path = BaseModal;
			sourceTree = "<group>";
		};
/* End PBXGroup section */

/* Begin PBXNativeTarget section */
		6AA769E026636AE700B7E1F5 /* EZY */ = {
			isa = PBXNativeTarget;
			buildConfigurationList = 6AA769F826636AE800B7E1F5 /* Build configuration list for PBXNativeTarget "EZY" */;
			buildPhases = (
				2EEEBD26844D7FB51B68F058 /* [CP] Check Pods Manifest.lock */,
				6AA769DD26636AE700B7E1F5 /* Sources */,
				6AA769DE26636AE700B7E1F5 /* Frameworks */,
				6AA769DF26636AE700B7E1F5 /* Resources */,
				053764C923AB5A12868D2F1D /* [CP] Embed Pods Frameworks */,
			);
			buildRules = (
			);
			dependencies = (
			);
			name = EZY;
			productName = EZY;
			productReference = 6AA769E126636AE700B7E1F5 /* EZY.app */;
			productType = "com.apple.product-type.application";
		};
/* End PBXNativeTarget section */

/* Begin PBXProject section */
		6AA769D926636AE700B7E1F5 /* Project object */ = {
			isa = PBXProject;
			attributes = {
				LastSwiftUpdateCheck = 1250;
				LastUpgradeCheck = 1250;
				TargetAttributes = {
					6AA769E026636AE700B7E1F5 = {
						CreatedOnToolsVersion = 12.5;
					};
				};
			};
			buildConfigurationList = 6AA769DC26636AE700B7E1F5 /* Build configuration list for PBXProject "EZY" */;
			compatibilityVersion = "Xcode 9.3";
			developmentRegion = en;
			hasScannedForEncodings = 0;
			knownRegions = (
				en,
				Base,
			);
			mainGroup = 6AA769D826636AE700B7E1F5;
			productRefGroup = 6AA769E226636AE700B7E1F5 /* Products */;
			projectDirPath = "";
			projectRoot = "";
			targets = (
				6AA769E026636AE700B7E1F5 /* EZY */,
			);
		};
/* End PBXProject section */

/* Begin PBXResourcesBuildPhase section */
		6AA769DF26636AE700B7E1F5 /* Resources */ = {
			isa = PBXResourcesBuildPhase;
			buildActionMask = 2147483647;
			files = (
				6A3E2E9326B6A84F0078D749 /* Poppins-BlackItalic.ttf in Resources */,
				6A3E2E9426B6A84F0078D749 /* Poppins-Regular.ttf in Resources */,
				6A3E2E9526B6A84F0078D749 /* Poppins-SemiBold.ttf in Resources */,
				6A3E2E9626B6A84F0078D749 /* Poppins-LightItalic.ttf in Resources */,
				6A3E2E9726B6A84F0078D749 /* Poppins-ExtraLight.ttf in Resources */,
				6A3E2E9826B6A84F0078D749 /* Poppins-ThinItalic.ttf in Resources */,
				6A3E2E9926B6A84F0078D749 /* Poppins-Light.ttf in Resources */,
				6A3E2E9A26B6A84F0078D749 /* Poppins-Medium.ttf in Resources */,
				6A3E2E9B26B6A84F0078D749 /* Poppins-ExtraBold.ttf in Resources */,
				6A3E2E9C26B6A84F0078D749 /* Poppins-Italic.ttf in Resources */,
				6A3E2E9D26B6A84F0078D749 /* Poppins-MediumItalic.ttf in Resources */,
				6A6A66E026D608D40096A14B /* GoogleService-Info.plist in Resources */,
				6A3E2E9E26B6A84F0078D749 /* Poppins-ExtraLightItalic.ttf in Resources */,
				6A3E2E9F26B6A84F0078D749 /* Poppins-SemiBoldItalic.ttf in Resources */,
				6A3E2EA026B6A84F0078D749 /* Poppins-ExtraBoldItalic.ttf in Resources */,
				6A3E2EA126B6A84F0078D749 /* Poppins-Thin.ttf in Resources */,
				6A3E2EA226B6A84F0078D749 /* Poppins-Bold.ttf in Resources */,
				6A3E2EA326B6A84F0078D749 /* Poppins-BoldItalic.ttf in Resources */,
				6A44474D26677647004C4BC3 /* Assets.xcassets in Resources */,
			);
			runOnlyForDeploymentPostprocessing = 0;
		};
/* End PBXResourcesBuildPhase section */

/* Begin PBXShellScriptBuildPhase section */
		053764C923AB5A12868D2F1D /* [CP] Embed Pods Frameworks */ = {
			isa = PBXShellScriptBuildPhase;
			buildActionMask = 2147483647;
			files = (
			);
			inputFileListPaths = (
				"${PODS_ROOT}/Target Support Files/Pods-EZY/Pods-EZY-frameworks-${CONFIGURATION}-input-files.xcfilelist",
			);
			name = "[CP] Embed Pods Frameworks";
			outputFileListPaths = (
				"${PODS_ROOT}/Target Support Files/Pods-EZY/Pods-EZY-frameworks-${CONFIGURATION}-output-files.xcfilelist",
			);
			runOnlyForDeploymentPostprocessing = 0;
			shellPath = /bin/sh;
			shellScript = "\"${PODS_ROOT}/Target Support Files/Pods-EZY/Pods-EZY-frameworks.sh\"\n";
			showEnvVarsInLog = 0;
		};
		2EEEBD26844D7FB51B68F058 /* [CP] Check Pods Manifest.lock */ = {
			isa = PBXShellScriptBuildPhase;
			buildActionMask = 2147483647;
			files = (
			);
			inputFileListPaths = (
			);
			inputPaths = (
				"${PODS_PODFILE_DIR_PATH}/Podfile.lock",
				"${PODS_ROOT}/Manifest.lock",
			);
			name = "[CP] Check Pods Manifest.lock";
			outputFileListPaths = (
			);
			outputPaths = (
				"$(DERIVED_FILE_DIR)/Pods-EZY-checkManifestLockResult.txt",
			);
			runOnlyForDeploymentPostprocessing = 0;
			shellPath = /bin/sh;
			shellScript = "diff \"${PODS_PODFILE_DIR_PATH}/Podfile.lock\" \"${PODS_ROOT}/Manifest.lock\" > /dev/null\nif [ $? != 0 ] ; then\n    # print error to STDERR\n    echo \"error: The sandbox is not in sync with the Podfile.lock. Run 'pod install' or update your CocoaPods installation.\" >&2\n    exit 1\nfi\n# This output is used by Xcode 'outputs' to avoid re-running this script phase.\necho \"SUCCESS\" > \"${SCRIPT_OUTPUT_FILE_0}\"\n";
			showEnvVarsInLog = 0;
		};
/* End PBXShellScriptBuildPhase section */

/* Begin PBXSourcesBuildPhase section */
		6AA769DD26636AE700B7E1F5 /* Sources */ = {
			isa = PBXSourcesBuildPhase;
			buildActionMask = 2147483647;
			files = (
				6A4EDA35266BD27800B809EC /* TopView.swift in Sources */,
				6AE5BB1A2696A6CE00A9731B /* Extension.swift in Sources */,
				6A82835426982A6C00AC381B /* InquiryViewController.swift in Sources */,
				6A4EDA2C266A045B00B809EC /* NotificationViewController.swift in Sources */,
				AAAA0F1B2739458400DBCA68 /* ErrandListViewController.swift in Sources */,
				6AE41E7C26A9492C0072612C /* TagTableViewCell.swift in Sources */,
				6A4AE85D2678EBEE009E33CD /* GroupModifyDeleteModalView.swift in Sources */,
				6AE5BB012695746F00A9731B /* PersonalPlanAddRepeatDayCollectionViewCell.swift in Sources */,
				EE9F0D2226E8A2AC0015E81B /* ErrandDetailsViewController.swift in Sources */,
				6A1E3E9026797CB600E7B198 /* DeleteModalView.swift in Sources */,
				6AA76A0226636D2800B7E1F5 /* LoginViewController.swift in Sources */,
				6AE5BB0E269670CB00A9731B /* CustomGradientTermsBtnView.swift in Sources */,
				EE9F0D3F26E8A9340015E81B /* GroupSearchTextfield.swift in Sources */,
				6A705BB6267E3ABF001954CE /* ChangeMyTodoViewController.swift in Sources */,
				6AA76A282663958B00B7E1F5 /* ShowPlanViewController.swift in Sources */,
				6AB27CAC269D758100B95C0F /* ChangeIdAfterLoginViewController.swift in Sources */,
				6AE5BB012695746F00A9731B /* PersonalPlanAddRepeatDayCollectionViewCell.swift in Sources */,
				6A1E3E9026797CB600E7B198 /* DeleteModalView.swift in Sources */,
				EE9F0D4D26E8A9700015E81B /* DayCollectionViewCell.swift in Sources */,
				AAAA0F1F273A0F7D00DBCA68 /* ListTagView.swift in Sources */,
				6AA76A0226636D2800B7E1F5 /* LoginViewController.swift in Sources */,
				6AE5BB0E269670CB00A9731B /* CustomGradientTermsBtnView.swift in Sources */,
				EE9F0D4F26E8A9700015E81B /* AlarmSettingCell.swift in Sources */,
				AAAA0EFF2739107C00DBCA68 /* ChangePhoneNumAuthCodeViewController.swift in Sources */,
				6A705BB6267E3ABF001954CE /* ChangeMyTodoViewController.swift in Sources */,
				AAAA0EFB2738A30800DBCA68 /* ChangePasswordAuthCodeAfterLoginViewController.swift in Sources */,
				6A705BB6267E3ABF001954CE /* ChangeMyTodoViewController.swift in Sources */,
				6A9DF2EB26A7C7B90026F89D /* InquirySendChattingBoxView.swift in Sources */,
				6AA76A282663958B00B7E1F5 /* ShowPlanViewController.swift in Sources */,
				EE9F0D4226E8A9340015E81B /* AlarmDatePickerView.swift in Sources */,
				EE9F0D4126E8A9340015E81B /* AdditionalButton.swift in Sources */,
				AAAA0EFD27390E9300DBCA68 /* ChangePhoneNumPutViewController.swift in Sources */,
				6A4EDA32266BD11600B809EC /* SettingViewController.swift in Sources */,
				6A4EDA37266DA52A00B809EC /* SettingTableViewCell.swift in Sources */,
				EE9F0D2426E8A2AC0015E81B /* MorePeopleToDo.swift in Sources */,
				6A82835626982A8B00AC381B /* questionTableViewCell.swift in Sources */,
				EE9F0D2526E8A2AC0015E81B /* AddMyToDoViewController.swift in Sources */,
				6ABA2C8C26A5366000CB1E16 /* WithdrawalModalView.swift in Sources */,
				6A3E2E7826B111540078D749 /* ChangePasswordAfterLoginViewController.swift in Sources */,
				6A3E2E8026B6A60B0078D749 /* ManagementbtnModel.swift in Sources */,
				6AA6F799269C2E6200958D36 /* NewPasswordPutViewController.swift in Sources */,
				6A3E2E7E26B6A5FB0078D749 /* ViewModel.swift in Sources */,
				6ACB4ED2269C2FA8008606C5 /* TopBarView.swift in Sources */,
				AAAA0F1D2739458D00DBCA68 /* MyToDoListViewController.swift in Sources */,
				6A8283502698132000AC381B /* PlanDeleteModalView.swift in Sources */,
				EE9F0D3726E8A9340015E81B /* AddScheduleModalBtn .swift in Sources */,
				6A4EDA30266A336000B809EC /* NotificationTableView.swift in Sources */,
				6A94934E2670DBC700CC5B37 /* SearchResultsView.swift in Sources */,
				6AE5BB1C2696B9C900A9731B /* PlanCompleteModalView.swift in Sources */,
				6AC1F4062684093700DDD08C /* TagColorCollectionViewModel.swift in Sources */,
				6AE5BB0D269670CB00A9731B /* CustomGradientContinueBtnView.swift in Sources */,
				AA04F9D52700996800EE0506 /* LoginTextFieldContainerView.swift in Sources */,
				EE9582D4272A7BEF00AAEC8A /* LogoutCustomBtn.swift in Sources */,
				EE9F0D3C26E8A9340015E81B /* ErrandInputContainterTextField.swift in Sources */,
				EE9F0D3E26E8A9340015E81B /* CustomData.swift in Sources */,
				6A685C0D26AC1E2D0079BC30 /* PersonalPlanDetailRepeatDayCollectionViewCell.swift in Sources */,
				AA4575082736CC790018411C /* AuthCodeTextFieldView.swift in Sources */,
				EE9F0D4326E8A9340015E81B /* SendUser.swift in Sources */,
				EE84DEC02715ABF100121C62 /* CollectionViewModel.swift in Sources */,
				6A4EDA41266E38E000B809EC /* GroupCollectionViewCell.swift in Sources */,
				AAD95AE326EC818B004E4580 /* NewNicknamePutViewController.swift in Sources */,
				6AA769EF26636AE700B7E1F5 /* EZY.xcdatamodeld in Sources */,
				6AE5BB14269690B200A9731B /* LocationTableViewCell.swift in Sources */,
				6A98A9CC2666F94E00BFAE30 /* ScheduleTypeCollectionViewCell.swift in Sources */,
				6AE5BB102696733F00A9731B /* SelectLocationViewController.swift in Sources */,
				6AB27CB2269DD1B900B95C0F /* InquiryChattingViewController.swift in Sources */,
				6A097CFD268ED628001E011D /* CalendarView.swift in Sources */,
				6AC3BF18267B475200DDCBB2 /* PlanRequestRespondingViewController.swift in Sources */,
				6AFB77FE267F343500B59482 /* TagAddModalView.swift in Sources */,
				6AB27CB4269DD42400B95C0F /* InquiryReceiveChattingBoxView.swift in Sources */,
				6AA6F792269C2E4D00958D36 /* SignUpPasswordViewController.swift in Sources */,
				EE9F0D4C26E8A9700015E81B /* TagCell.swift in Sources */,
				6AA7E7872720E64100034327 /* TimeAddModalViewController.swift in Sources */,
				EE9F0D4026E8A9340015E81B /* AlertButton.swift in Sources */,
				EE9F0D5326E8AA9E0015E81B /* SearchViewModel.swift in Sources */,
				6AA6F798269C2E6200958D36 /* NewPasswordPhoneNumViewController.swift in Sources */,
				6A72073426C618600098830F /* RecommendedTagCollectionViewCell.swift in Sources */,
				6AE5BB0326957B0600A9731B /* RepeatCollectionViewModel.swift in Sources */,
				EE963D372734B0DB005070B5 /* BaseModal.swift in Sources */,
				6AFB77F9267ECD6700B59482 /* WhiteBackgroundView.swift in Sources */,
				EEA49A132711C7B200265258 /* CalendarAlertBtn.swift in Sources */,
				EE9F0D3826E8A9340015E81B /* inputContainerErrandTextView.swift in Sources */,
				6AB486FF26834D8C00E95D43 /* CalendarCollectionViewCell.swift in Sources */,
				6AE5BB1626969AFD00A9731B /* SelectLocationModalView.swift in Sources */,
				AAD95AE126EC7EC7004E4580 /* NewNicknamePhoneNumViewController.swift in Sources */,
				6AE5BAFA269534D300A9731B /* StartTimeTableViewCell.swift in Sources */,
				6AE5BB1E2696DDA600A9731B /* PersonalPlanDetailViewController.swift in Sources */,
				6A138F89266FACFE00DBCE49 /* GroupAddModalView.swift in Sources */,
				6A82835A26997AB500AC381B /* TagCollectionViewModel.swift in Sources */,
				EE9582D2272A7B5F00AAEC8A /* LogoutViewController.swift in Sources */,
				6AA7E785271E648500034327 /* DayModel.swift in Sources */,
				AAAA0EF92738A21D00DBCA68 /* NewNicknameAuthCodeViewController.swift in Sources */,
				6A8283582699742300AC381B /* TagCollectionViewCell.swift in Sources */,
				6AE41E7A26A9228A0072612C /* TagManagementViewController.swift in Sources */,
				6AE41E7E26A9560C0072612C /* TagSettingViewController.swift in Sources */,
				EE9F0D3D26E8A9340015E81B /* OneAlertButton.swift in Sources */,
				6AA769E526636AE700B7E1F5 /* AppDelegate.swift in Sources */,
				6AB27CB0269D8C1600B95C0F /* WithdrawalViewController.swift in Sources */,
				6A138F81266F862200DBCE49 /* GroupAddCollectionViewCell.swift in Sources */,
				EE9F0D2326E8A2AC0015E81B /* MoreAlarmModelViewController.swift in Sources */,
				6AE5BB0C269670CB00A9731B /* CustomGradientLoginBtnView.swift in Sources */,
				6AA6F793269C2E4D00958D36 /* SignUpNicknameViewController.swift in Sources */,
				6AA769E726636AE700B7E1F5 /* SceneDelegate.swift in Sources */,
				EE9F0D2626E8A2AC0015E81B /* AddErrandViewController.swift in Sources */,
				6A4EDA002668653200B809EC /* ScheduleTimeTableViewCell.swift in Sources */,
				6AA6F794269C2E4D00958D36 /* SignUpPhoneNumViewController.swift in Sources */,
				EE9F0D4E26E8A9700015E81B /* WhatAboutPeopleLikeThisCell.swift in Sources */,
				6A47F9D42718F63600AAA6E0 /* CalendarAddModelViewController.swift in Sources */,
				6A3E2E7626B10D760078D749 /* ChangePasswordPhoneNumAfterLoginViewController.swift in Sources */,
				6AFB7800267F812B00B59482 /* TagColorCollectionViewCell.swift in Sources */,
				6A4EDA2E266A332100B809EC /* NotificationTableViewCell.swift in Sources */,
				6A138F8D26703C1900DBCE49 /* selectedMemberCollectionViewCell.swift in Sources */,
				EE9F0D3B26E8A9340015E81B /* ExplanationContainerTextView.swift in Sources */,
				AAAA0EF727389F4000DBCA68 /* NewPasswordAuthCodeViewController.swift in Sources */,
				AA04F9D72701C12600EE0506 /* SignUpTextFieldContainerView.swift in Sources */,
				6AE41E8226A97C440072612C /* TagDeleteModalView.swift in Sources */,
				6AB7D443272FE41A00FAFA19 /* CalendarViewLayout.swift in Sources */,
				6AA6F795269C2E4D00958D36 /* SignUpTermsViewController.swift in Sources */,
				6AE5BAFC26953E0F00A9731B /* EndTimeTableViewCell.swift in Sources */,
				6AA769EF26636AE700B7E1F5 /* EZY.xcdatamodeld in Sources */,
				EE9F0D2726E8A2AC0015E81B /* MoreCalendarModalsViewController.swift in Sources */,
				EE93B4D926876C6F0055D7A6 /* PushNotificationManagementViewController.swift in Sources */,
				EE93B4E42687BD8A0055D7A6 /* ManageData.swift in Sources */,
				AA82BCE02737AB2A000D3F04 /* SignUpAuthCodeViewController.swift in Sources */,
				6A5C6A242734A24000556849 /* TagAddModalViewController.swift in Sources */,
				6AA769E526636AE700B7E1F5 /* AppDelegate.swift in Sources */,
				EE93B4DB26876F430055D7A6 /* AlarmManagementButton.swift in Sources */,
				EE9F0D5126E8AA810015E81B /* Model.swift in Sources */,
				EEDCAF98268D85F1001E2B4F /* SwitchBtn.swift in Sources */,
				6AA769E726636AE700B7E1F5 /* SceneDelegate.swift in Sources */,
				6AFCBE982711D6CE00801159 /* CalendarBtn.swift in Sources */,
				EE9F0D4B26E8A9700015E81B /* ErrandPeopoleChooseAfterCell.swift in Sources */,
				EE9F0D3A26E8A9340015E81B /* TitleContainerTextFieldView.swift in Sources */,
				EE93B4DF268797230055D7A6 /* CustomManagePushNotificationCell.swift in Sources */,
			);
			runOnlyForDeploymentPostprocessing = 0;
		};
/* End PBXSourcesBuildPhase section */

/* Begin XCBuildConfiguration section */
		6AA769F626636AE800B7E1F5 /* Debug */ = {
			isa = XCBuildConfiguration;
			buildSettings = {
				ALWAYS_SEARCH_USER_PATHS = NO;
				CLANG_ANALYZER_NONNULL = YES;
				CLANG_ANALYZER_NUMBER_OBJECT_CONVERSION = YES_AGGRESSIVE;
				CLANG_CXX_LANGUAGE_STANDARD = "gnu++14";
				CLANG_CXX_LIBRARY = "libc++";
				CLANG_ENABLE_MODULES = YES;
				CLANG_ENABLE_OBJC_ARC = YES;
				CLANG_ENABLE_OBJC_WEAK = YES;
				CLANG_WARN_BLOCK_CAPTURE_AUTORELEASING = YES;
				CLANG_WARN_BOOL_CONVERSION = YES;
				CLANG_WARN_COMMA = YES;
				CLANG_WARN_CONSTANT_CONVERSION = YES;
				CLANG_WARN_DEPRECATED_OBJC_IMPLEMENTATIONS = YES;
				CLANG_WARN_DIRECT_OBJC_ISA_USAGE = YES_ERROR;
				CLANG_WARN_DOCUMENTATION_COMMENTS = YES;
				CLANG_WARN_EMPTY_BODY = YES;
				CLANG_WARN_ENUM_CONVERSION = YES;
				CLANG_WARN_INFINITE_RECURSION = YES;
				CLANG_WARN_INT_CONVERSION = YES;
				CLANG_WARN_NON_LITERAL_NULL_CONVERSION = YES;
				CLANG_WARN_OBJC_IMPLICIT_RETAIN_SELF = YES;
				CLANG_WARN_OBJC_LITERAL_CONVERSION = YES;
				CLANG_WARN_OBJC_ROOT_CLASS = YES_ERROR;
				CLANG_WARN_QUOTED_INCLUDE_IN_FRAMEWORK_HEADER = YES;
				CLANG_WARN_RANGE_LOOP_ANALYSIS = YES;
				CLANG_WARN_STRICT_PROTOTYPES = YES;
				CLANG_WARN_SUSPICIOUS_MOVE = YES;
				CLANG_WARN_UNGUARDED_AVAILABILITY = YES_AGGRESSIVE;
				CLANG_WARN_UNREACHABLE_CODE = YES;
				CLANG_WARN__DUPLICATE_METHOD_MATCH = YES;
				COPY_PHASE_STRIP = NO;
				DEBUG_INFORMATION_FORMAT = dwarf;
				ENABLE_STRICT_OBJC_MSGSEND = YES;
				ENABLE_TESTABILITY = YES;
				GCC_C_LANGUAGE_STANDARD = gnu11;
				GCC_DYNAMIC_NO_PIC = NO;
				GCC_NO_COMMON_BLOCKS = YES;
				GCC_OPTIMIZATION_LEVEL = 0;
				GCC_PREPROCESSOR_DEFINITIONS = (
					"DEBUG=1",
					"$(inherited)",
				);
				GCC_WARN_64_TO_32_BIT_CONVERSION = YES;
				GCC_WARN_ABOUT_RETURN_TYPE = YES_ERROR;
				GCC_WARN_UNDECLARED_SELECTOR = YES;
				GCC_WARN_UNINITIALIZED_AUTOS = YES_AGGRESSIVE;
				GCC_WARN_UNUSED_FUNCTION = YES;
				GCC_WARN_UNUSED_VARIABLE = YES;
				IPHONEOS_DEPLOYMENT_TARGET = 14.5;
				MTL_ENABLE_DEBUG_INFO = INCLUDE_SOURCE;
				MTL_FAST_MATH = YES;
				ONLY_ACTIVE_ARCH = YES;
				SDKROOT = iphoneos;
				SWIFT_ACTIVE_COMPILATION_CONDITIONS = DEBUG;
				SWIFT_OPTIMIZATION_LEVEL = "-Onone";
			};
			name = Debug;
		};
		6AA769F726636AE800B7E1F5 /* Release */ = {
			isa = XCBuildConfiguration;
			buildSettings = {
				ALWAYS_SEARCH_USER_PATHS = NO;
				CLANG_ANALYZER_NONNULL = YES;
				CLANG_ANALYZER_NUMBER_OBJECT_CONVERSION = YES_AGGRESSIVE;
				CLANG_CXX_LANGUAGE_STANDARD = "gnu++14";
				CLANG_CXX_LIBRARY = "libc++";
				CLANG_ENABLE_MODULES = YES;
				CLANG_ENABLE_OBJC_ARC = YES;
				CLANG_ENABLE_OBJC_WEAK = YES;
				CLANG_WARN_BLOCK_CAPTURE_AUTORELEASING = YES;
				CLANG_WARN_BOOL_CONVERSION = YES;
				CLANG_WARN_COMMA = YES;
				CLANG_WARN_CONSTANT_CONVERSION = YES;
				CLANG_WARN_DEPRECATED_OBJC_IMPLEMENTATIONS = YES;
				CLANG_WARN_DIRECT_OBJC_ISA_USAGE = YES_ERROR;
				CLANG_WARN_DOCUMENTATION_COMMENTS = YES;
				CLANG_WARN_EMPTY_BODY = YES;
				CLANG_WARN_ENUM_CONVERSION = YES;
				CLANG_WARN_INFINITE_RECURSION = YES;
				CLANG_WARN_INT_CONVERSION = YES;
				CLANG_WARN_NON_LITERAL_NULL_CONVERSION = YES;
				CLANG_WARN_OBJC_IMPLICIT_RETAIN_SELF = YES;
				CLANG_WARN_OBJC_LITERAL_CONVERSION = YES;
				CLANG_WARN_OBJC_ROOT_CLASS = YES_ERROR;
				CLANG_WARN_QUOTED_INCLUDE_IN_FRAMEWORK_HEADER = YES;
				CLANG_WARN_RANGE_LOOP_ANALYSIS = YES;
				CLANG_WARN_STRICT_PROTOTYPES = YES;
				CLANG_WARN_SUSPICIOUS_MOVE = YES;
				CLANG_WARN_UNGUARDED_AVAILABILITY = YES_AGGRESSIVE;
				CLANG_WARN_UNREACHABLE_CODE = YES;
				CLANG_WARN__DUPLICATE_METHOD_MATCH = YES;
				COPY_PHASE_STRIP = NO;
				DEBUG_INFORMATION_FORMAT = "dwarf-with-dsym";
				ENABLE_NS_ASSERTIONS = NO;
				ENABLE_STRICT_OBJC_MSGSEND = YES;
				GCC_C_LANGUAGE_STANDARD = gnu11;
				GCC_NO_COMMON_BLOCKS = YES;
				GCC_WARN_64_TO_32_BIT_CONVERSION = YES;
				GCC_WARN_ABOUT_RETURN_TYPE = YES_ERROR;
				GCC_WARN_UNDECLARED_SELECTOR = YES;
				GCC_WARN_UNINITIALIZED_AUTOS = YES_AGGRESSIVE;
				GCC_WARN_UNUSED_FUNCTION = YES;
				GCC_WARN_UNUSED_VARIABLE = YES;
				IPHONEOS_DEPLOYMENT_TARGET = 14.5;
				MTL_ENABLE_DEBUG_INFO = NO;
				MTL_FAST_MATH = YES;
				SDKROOT = iphoneos;
				SWIFT_COMPILATION_MODE = wholemodule;
				SWIFT_OPTIMIZATION_LEVEL = "-O";
				VALIDATE_PRODUCT = YES;
			};
			name = Release;
		};
		6AA769F926636AE800B7E1F5 /* Debug */ = {
			isa = XCBuildConfiguration;
			baseConfigurationReference = F4A8BD50658C41664783D861 /* Pods-EZY.debug.xcconfig */;
			buildSettings = {
				ASSETCATALOG_COMPILER_APPICON_NAME = AppIcon;
				ASSETCATALOG_COMPILER_GLOBAL_ACCENT_COLOR_NAME = AccentColor;
				CODE_SIGN_ENTITLEMENTS = EZY/EZY.entitlements;
				CODE_SIGN_STYLE = Automatic;
				DEVELOPMENT_TEAM = Q25U65UWAP;
				INFOPLIST_FILE = EZY/Info.plist;
				IPHONEOS_DEPLOYMENT_TARGET = 14.5;
				LD_RUNPATH_SEARCH_PATHS = (
					"$(inherited)",
					"@executable_path/Frameworks",
				);
				PRODUCT_BUNDLE_IDENTIFIER = com.app.EZY;
				PRODUCT_NAME = "$(TARGET_NAME)";
				SWIFT_VERSION = 5.0;
				TARGETED_DEVICE_FAMILY = "1,2";
			};
			name = Debug;
		};
		6AA769FA26636AE800B7E1F5 /* Release */ = {
			isa = XCBuildConfiguration;
			baseConfigurationReference = 2FC16614E9BCACF88D1AB480 /* Pods-EZY.release.xcconfig */;
			buildSettings = {
				ASSETCATALOG_COMPILER_APPICON_NAME = AppIcon;
				ASSETCATALOG_COMPILER_GLOBAL_ACCENT_COLOR_NAME = AccentColor;
				CODE_SIGN_ENTITLEMENTS = EZY/EZY.entitlements;
				CODE_SIGN_STYLE = Automatic;
				DEVELOPMENT_TEAM = Q25U65UWAP;
				INFOPLIST_FILE = EZY/Info.plist;
				IPHONEOS_DEPLOYMENT_TARGET = 14.5;
				LD_RUNPATH_SEARCH_PATHS = (
					"$(inherited)",
					"@executable_path/Frameworks",
				);
				PRODUCT_BUNDLE_IDENTIFIER = com.app.EZY;
				PRODUCT_NAME = "$(TARGET_NAME)";
				SWIFT_VERSION = 5.0;
				TARGETED_DEVICE_FAMILY = "1,2";
			};
			name = Release;
		};
/* End XCBuildConfiguration section */

/* Begin XCConfigurationList section */
		6AA769DC26636AE700B7E1F5 /* Build configuration list for PBXProject "EZY" */ = {
			isa = XCConfigurationList;
			buildConfigurations = (
				6AA769F626636AE800B7E1F5 /* Debug */,
				6AA769F726636AE800B7E1F5 /* Release */,
			);
			defaultConfigurationIsVisible = 0;
			defaultConfigurationName = Release;
		};
		6AA769F826636AE800B7E1F5 /* Build configuration list for PBXNativeTarget "EZY" */ = {
			isa = XCConfigurationList;
			buildConfigurations = (
				6AA769F926636AE800B7E1F5 /* Debug */,
				6AA769FA26636AE800B7E1F5 /* Release */,
			);
			defaultConfigurationIsVisible = 0;
			defaultConfigurationName = Release;
		};
/* End XCConfigurationList section */

/* Begin XCVersionGroup section */
		6AA769ED26636AE700B7E1F5 /* EZY.xcdatamodeld */ = {
			isa = XCVersionGroup;
			children = (
				6AA769EE26636AE700B7E1F5 /* EZY.xcdatamodel */,
			);
			currentVersion = 6AA769EE26636AE700B7E1F5 /* EZY.xcdatamodel */;
			path = EZY.xcdatamodeld;
			sourceTree = "<group>";
			versionGroupType = wrapper.xcdatamodel;
		};
/* End XCVersionGroup section */
	};
	rootObject = 6AA769D926636AE700B7E1F5 /* Project object */;
}
